// !$*UTF8*$!
{
	archiveVersion = 1;
	classes = {
	};
	objectVersion = 56;
	objects = {

/* Begin PBXBuildFile section */
		EC008AA22AE644C000A5CEB3 /* AppDelegate.swift in Sources */ = {isa = PBXBuildFile; fileRef = EC008AA12AE644C000A5CEB3 /* AppDelegate.swift */; };
		EC008AA42AE644C000A5CEB3 /* GameScene.sks in Resources */ = {isa = PBXBuildFile; fileRef = EC008AA32AE644C000A5CEB3 /* GameScene.sks */; };
		EC008AA82AE644C000A5CEB3 /* GameScene.swift in Sources */ = {isa = PBXBuildFile; fileRef = EC008AA72AE644C000A5CEB3 /* GameScene.swift */; };
		EC008AAA2AE644C000A5CEB3 /* ViewController.swift in Sources */ = {isa = PBXBuildFile; fileRef = EC008AA92AE644C000A5CEB3 /* ViewController.swift */; };
		EC008AAC2AE644C100A5CEB3 /* Assets.xcassets in Resources */ = {isa = PBXBuildFile; fileRef = EC008AAB2AE644C100A5CEB3 /* Assets.xcassets */; };
		EC008AAF2AE644C100A5CEB3 /* Main.storyboard in Resources */ = {isa = PBXBuildFile; fileRef = EC008AAD2AE644C100A5CEB3 /* Main.storyboard */; };
		EC008AB62AE64BB600A5CEB3 /* Keypress.swift in Sources */ = {isa = PBXBuildFile; fileRef = EC33482F2AE6155A00CF4668 /* Keypress.swift */; };
		EC008AB82AE64D5000A5CEB3 /* Player.swift in Sources */ = {isa = PBXBuildFile; fileRef = EC008AB72AE64D5000A5CEB3 /* Player.swift */; };
		EC3348102AE60AD900CF4668 /* fear_wall.mp3 in Resources */ = {isa = PBXBuildFile; fileRef = EC33480B2AE60AD900CF4668 /* fear_wall.mp3 */; };
		EC3348112AE60AD900CF4668 /* fear_moan.wav in Resources */ = {isa = PBXBuildFile; fileRef = EC33480C2AE60AD900CF4668 /* fear_moan.wav */; };
		EC3348122AE60AD900CF4668 /* fear_bg.mp3 in Resources */ = {isa = PBXBuildFile; fileRef = EC33480D2AE60AD900CF4668 /* fear_bg.mp3 */; };
		EC3348132AE60AD900CF4668 /* fear_lose.mp3 in Resources */ = {isa = PBXBuildFile; fileRef = EC33480E2AE60AD900CF4668 /* fear_lose.mp3 */; };
		EC3348142AE60AD900CF4668 /* fear_win.mp3 in Resources */ = {isa = PBXBuildFile; fileRef = EC33480F2AE60AD900CF4668 /* fear_win.mp3 */; };
		ECDA2BC02AEAE6FE00C3EE66 /* KeyScene.sks in Resources */ = {isa = PBXBuildFile; fileRef = ECDA2BBF2AEAE6FE00C3EE66 /* KeyScene.sks */; };
		ECDA2BC32AEB06F400C3EE66 /* GoalScene.sks in Resources */ = {isa = PBXBuildFile; fileRef = ECDA2BC22AEB06F400C3EE66 /* GoalScene.sks */; };
		ECDA2BC52AEB070100C3EE66 /* DoorScene.sks in Resources */ = {isa = PBXBuildFile; fileRef = ECDA2BC42AEB070100C3EE66 /* DoorScene.sks */; };
		ECDA2BC72AEB093600C3EE66 /* GameOver.swift in Sources */ = {isa = PBXBuildFile; fileRef = ECDA2BC62AEB093600C3EE66 /* GameOver.swift */; };
		ECDA2BCD2AEB4F6800C3EE66 /* PlayerScene.sks in Resources */ = {isa = PBXBuildFile; fileRef = ECDA2BCC2AEB4F6800C3EE66 /* PlayerScene.sks */; };
		ECDA2BD22AEB589F00C3EE66 /* WorldTiles.sks in Resources */ = {isa = PBXBuildFile; fileRef = ECDA2BD02AEB589F00C3EE66 /* WorldTiles.sks */; };
		ECDA2BD52AEB5D8F00C3EE66 /* Level02.sks in Resources */ = {isa = PBXBuildFile; fileRef = ECDA2BD42AEB5C8800C3EE66 /* Level02.sks */; };
		ECF99E292AE41DDE00657FC2 /* AppDelegate.swift in Sources */ = {isa = PBXBuildFile; fileRef = ECF99E282AE41DDE00657FC2 /* AppDelegate.swift */; };
		ECF99E2B2AE41DDE00657FC2 /* GameScene.sks in Resources */ = {isa = PBXBuildFile; fileRef = ECF99E2A2AE41DDE00657FC2 /* GameScene.sks */; };
		ECF99E2D2AE41DDE00657FC2 /* Actions.sks in Resources */ = {isa = PBXBuildFile; fileRef = ECF99E2C2AE41DDE00657FC2 /* Actions.sks */; };
		ECF99E2F2AE41DDE00657FC2 /* GameScene.swift in Sources */ = {isa = PBXBuildFile; fileRef = ECF99E2E2AE41DDE00657FC2 /* GameScene.swift */; };
		ECF99E312AE41DDE00657FC2 /* ViewController.swift in Sources */ = {isa = PBXBuildFile; fileRef = ECF99E302AE41DDE00657FC2 /* ViewController.swift */; };
		ECF99E332AE41DE000657FC2 /* Assets.xcassets in Resources */ = {isa = PBXBuildFile; fileRef = ECF99E322AE41DE000657FC2 /* Assets.xcassets */; };
		ECF99E362AE41DE000657FC2 /* Main.storyboard in Resources */ = {isa = PBXBuildFile; fileRef = ECF99E342AE41DE000657FC2 /* Main.storyboard */; };
		ECF99E442AE41FC800657FC2 /* AppDelegate.swift in Sources */ = {isa = PBXBuildFile; fileRef = ECF99E432AE41FC800657FC2 /* AppDelegate.swift */; };
		ECF99E462AE41FC800657FC2 /* GameScene.sks in Resources */ = {isa = PBXBuildFile; fileRef = ECF99E452AE41FC800657FC2 /* GameScene.sks */; };
		ECF99E482AE41FC800657FC2 /* Actions.sks in Resources */ = {isa = PBXBuildFile; fileRef = ECF99E472AE41FC800657FC2 /* Actions.sks */; };
		ECF99E4C2AE41FC800657FC2 /* ViewController.swift in Sources */ = {isa = PBXBuildFile; fileRef = ECF99E4B2AE41FC800657FC2 /* ViewController.swift */; };
		ECF99E4E2AE41FCA00657FC2 /* Assets.xcassets in Resources */ = {isa = PBXBuildFile; fileRef = ECF99E4D2AE41FCA00657FC2 /* Assets.xcassets */; };
		ECF99E512AE41FCA00657FC2 /* Main.storyboard in Resources */ = {isa = PBXBuildFile; fileRef = ECF99E4F2AE41FCA00657FC2 /* Main.storyboard */; };
		ECF99E612AE4321B00657FC2 /* AppDelegate.swift in Sources */ = {isa = PBXBuildFile; fileRef = ECF99E602AE4321B00657FC2 /* AppDelegate.swift */; };
		ECF99E652AE4321B00657FC2 /* Actions.sks in Resources */ = {isa = PBXBuildFile; fileRef = ECF99E642AE4321B00657FC2 /* Actions.sks */; };
		ECF99E692AE4321B00657FC2 /* ViewController.swift in Sources */ = {isa = PBXBuildFile; fileRef = ECF99E682AE4321B00657FC2 /* ViewController.swift */; };
		ECF99E6B2AE4321C00657FC2 /* Assets.xcassets in Resources */ = {isa = PBXBuildFile; fileRef = ECF99E6A2AE4321C00657FC2 /* Assets.xcassets */; };
		ECF99E6E2AE4321C00657FC2 /* Main.storyboard in Resources */ = {isa = PBXBuildFile; fileRef = ECF99E6C2AE4321C00657FC2 /* Main.storyboard */; };
		ECF99E772AE4329A00657FC2 /* GameScene.swift in Sources */ = {isa = PBXBuildFile; fileRef = ECF99E732AE4329A00657FC2 /* GameScene.swift */; };
		ECF99E782AE4329A00657FC2 /* GameOver.swift in Sources */ = {isa = PBXBuildFile; fileRef = ECF99E742AE4329A00657FC2 /* GameOver.swift */; };
		ECF99E792AE4329A00657FC2 /* GameOver.sks in Resources */ = {isa = PBXBuildFile; fileRef = ECF99E752AE4329A00657FC2 /* GameOver.sks */; };
		ECF99E7A2AE4329A00657FC2 /* GameScene.sks in Resources */ = {isa = PBXBuildFile; fileRef = ECF99E762AE4329A00657FC2 /* GameScene.sks */; };
		ECF99E7C2AE4331500657FC2 /* GameScene.swift in Sources */ = {isa = PBXBuildFile; fileRef = ECF99E7B2AE4331500657FC2 /* GameScene.swift */; };
		ECF99E842AE4346500657FC2 /* AppDelegate.swift in Sources */ = {isa = PBXBuildFile; fileRef = ECF99E832AE4346500657FC2 /* AppDelegate.swift */; };
		ECF99E8E2AE4346600657FC2 /* Assets.xcassets in Resources */ = {isa = PBXBuildFile; fileRef = ECF99E8D2AE4346600657FC2 /* Assets.xcassets */; };
		ECF99E912AE4346600657FC2 /* Main.storyboard in Resources */ = {isa = PBXBuildFile; fileRef = ECF99E8F2AE4346600657FC2 /* Main.storyboard */; };
		ECF99E992AE434FA00657FC2 /* GameScene.swift in Sources */ = {isa = PBXBuildFile; fileRef = ECF99E962AE434FA00657FC2 /* GameScene.swift */; };
		ECF99E9A2AE434FA00657FC2 /* GameOver.swift in Sources */ = {isa = PBXBuildFile; fileRef = ECF99E972AE434FA00657FC2 /* GameOver.swift */; };
		ECF99E9B2AE434FA00657FC2 /* ViewController.swift in Sources */ = {isa = PBXBuildFile; fileRef = ECF99E982AE434FA00657FC2 /* ViewController.swift */; };
		ECF99EA32AE4366300657FC2 /* AppDelegate.swift in Sources */ = {isa = PBXBuildFile; fileRef = ECF99EA22AE4366300657FC2 /* AppDelegate.swift */; };
		ECF99EAD2AE4366400657FC2 /* Assets.xcassets in Resources */ = {isa = PBXBuildFile; fileRef = ECF99EAC2AE4366400657FC2 /* Assets.xcassets */; };
		ECF99EB02AE4366400657FC2 /* Main.storyboard in Resources */ = {isa = PBXBuildFile; fileRef = ECF99EAE2AE4366400657FC2 /* Main.storyboard */; };
		ECF99EBB2AE436D600657FC2 /* WallNode.swift in Sources */ = {isa = PBXBuildFile; fileRef = ECF99EB62AE436D600657FC2 /* WallNode.swift */; };
		ECF99EBC2AE436D600657FC2 /* TileNode.swift in Sources */ = {isa = PBXBuildFile; fileRef = ECF99EB72AE436D600657FC2 /* TileNode.swift */; };
		ECF99EBD2AE436D600657FC2 /* PaddleNode.swift in Sources */ = {isa = PBXBuildFile; fileRef = ECF99EB82AE436D600657FC2 /* PaddleNode.swift */; };
		ECF99EBE2AE436D600657FC2 /* TitleNode.swift in Sources */ = {isa = PBXBuildFile; fileRef = ECF99EB92AE436D600657FC2 /* TitleNode.swift */; };
		ECF99EBF2AE436D600657FC2 /* BallNode.swift in Sources */ = {isa = PBXBuildFile; fileRef = ECF99EBA2AE436D600657FC2 /* BallNode.swift */; };
		ECF99EC32AE4370900657FC2 /* GameOver.swift in Sources */ = {isa = PBXBuildFile; fileRef = ECF99EC02AE4370900657FC2 /* GameOver.swift */; };
		ECF99EC42AE4370900657FC2 /* GameScene.swift in Sources */ = {isa = PBXBuildFile; fileRef = ECF99EC12AE4370900657FC2 /* GameScene.swift */; };
		ECF99EC52AE4370900657FC2 /* ViewController.swift in Sources */ = {isa = PBXBuildFile; fileRef = ECF99EC22AE4370900657FC2 /* ViewController.swift */; };
		ECF99ECD2AE4384400657FC2 /* AppDelegate.swift in Sources */ = {isa = PBXBuildFile; fileRef = ECF99ECC2AE4384400657FC2 /* AppDelegate.swift */; };
		ECF99ED72AE4384500657FC2 /* Assets.xcassets in Resources */ = {isa = PBXBuildFile; fileRef = ECF99ED62AE4384500657FC2 /* Assets.xcassets */; };
		ECF99EDA2AE4384500657FC2 /* Main.storyboard in Resources */ = {isa = PBXBuildFile; fileRef = ECF99ED82AE4384500657FC2 /* Main.storyboard */; };
		ECF99EE52AE4393700657FC2 /* Car.swift in Sources */ = {isa = PBXBuildFile; fileRef = ECF99EDF2AE4393700657FC2 /* Car.swift */; };
		ECF99EE62AE4393700657FC2 /* GameScene.swift in Sources */ = {isa = PBXBuildFile; fileRef = ECF99EE02AE4393700657FC2 /* GameScene.swift */; };
		ECF99EE72AE4393700657FC2 /* GameOver.swift in Sources */ = {isa = PBXBuildFile; fileRef = ECF99EE12AE4393700657FC2 /* GameOver.swift */; };
		ECF99EE82AE4393700657FC2 /* Track.swift in Sources */ = {isa = PBXBuildFile; fileRef = ECF99EE22AE4393700657FC2 /* Track.swift */; };
		ECF99EE92AE4393700657FC2 /* TitleNode.swift in Sources */ = {isa = PBXBuildFile; fileRef = ECF99EE32AE4393700657FC2 /* TitleNode.swift */; };
		ECF99EEA2AE4393700657FC2 /* ViewController.swift in Sources */ = {isa = PBXBuildFile; fileRef = ECF99EE42AE4393700657FC2 /* ViewController.swift */; };
		ECF99EF22AE44E4C00657FC2 /* AppDelegate.swift in Sources */ = {isa = PBXBuildFile; fileRef = ECF99EF12AE44E4C00657FC2 /* AppDelegate.swift */; };
		ECF99EF82AE44E4C00657FC2 /* GameScene.swift in Sources */ = {isa = PBXBuildFile; fileRef = ECF99EF72AE44E4C00657FC2 /* GameScene.swift */; };
		ECF99EFA2AE44E4C00657FC2 /* ViewController.swift in Sources */ = {isa = PBXBuildFile; fileRef = ECF99EF92AE44E4C00657FC2 /* ViewController.swift */; };
		ECF99EFC2AE44E4D00657FC2 /* Assets.xcassets in Resources */ = {isa = PBXBuildFile; fileRef = ECF99EFB2AE44E4D00657FC2 /* Assets.xcassets */; };
		ECF99EFF2AE44E4D00657FC2 /* Main.storyboard in Resources */ = {isa = PBXBuildFile; fileRef = ECF99EFD2AE44E4D00657FC2 /* Main.storyboard */; };
		ECF99F052AE4A0AE00657FC2 /* TileSet.sks in Resources */ = {isa = PBXBuildFile; fileRef = ECF99F042AE4A0AE00657FC2 /* TileSet.sks */; };
		ECF99F092AE4ADF300657FC2 /* MyScene.sks in Resources */ = {isa = PBXBuildFile; fileRef = ECF99F082AE4ADF300657FC2 /* MyScene.sks */; };
		ECF99F112AE4B0F700657FC2 /* AppDelegate.swift in Sources */ = {isa = PBXBuildFile; fileRef = ECF99F102AE4B0F700657FC2 /* AppDelegate.swift */; };
		ECF99F132AE4B0F700657FC2 /* GameScene.sks in Resources */ = {isa = PBXBuildFile; fileRef = ECF99F122AE4B0F700657FC2 /* GameScene.sks */; };
		ECF99F172AE4B0F700657FC2 /* GameScene.swift in Sources */ = {isa = PBXBuildFile; fileRef = ECF99F162AE4B0F700657FC2 /* GameScene.swift */; };
		ECF99F192AE4B0F700657FC2 /* ViewController.swift in Sources */ = {isa = PBXBuildFile; fileRef = ECF99F182AE4B0F700657FC2 /* ViewController.swift */; };
		ECF99F1B2AE4B0F800657FC2 /* Assets.xcassets in Resources */ = {isa = PBXBuildFile; fileRef = ECF99F1A2AE4B0F800657FC2 /* Assets.xcassets */; };
		ECF99F1E2AE4B0F800657FC2 /* Main.storyboard in Resources */ = {isa = PBXBuildFile; fileRef = ECF99F1C2AE4B0F800657FC2 /* Main.storyboard */; };
		ECF99F242AE4B26400657FC2 /* MenuScene.swift in Sources */ = {isa = PBXBuildFile; fileRef = ECF99F232AE4B26400657FC2 /* MenuScene.swift */; };
		ECF99F262AE4CB4000657FC2 /* Wall.sks in Resources */ = {isa = PBXBuildFile; fileRef = ECF99F252AE4CB4000657FC2 /* Wall.sks */; };
		ECF99F292AE4CC0C00657FC2 /* Room.sks in Resources */ = {isa = PBXBuildFile; fileRef = ECF99F282AE4CC0C00657FC2 /* Room.sks */; };
/* End PBXBuildFile section */

/* Begin PBXFileReference section */
		EC008A9F2AE644C000A5CEB3 /* SwiftAdventure.app */ = {isa = PBXFileReference; explicitFileType = wrapper.application; includeInIndex = 0; path = SwiftAdventure.app; sourceTree = BUILT_PRODUCTS_DIR; };
		EC008AA12AE644C000A5CEB3 /* AppDelegate.swift */ = {isa = PBXFileReference; lastKnownFileType = sourcecode.swift; path = AppDelegate.swift; sourceTree = "<group>"; };
		EC008AA32AE644C000A5CEB3 /* GameScene.sks */ = {isa = PBXFileReference; lastKnownFileType = file.sks; path = GameScene.sks; sourceTree = "<group>"; };
		EC008AA72AE644C000A5CEB3 /* GameScene.swift */ = {isa = PBXFileReference; lastKnownFileType = sourcecode.swift; path = GameScene.swift; sourceTree = "<group>"; };
		EC008AA92AE644C000A5CEB3 /* ViewController.swift */ = {isa = PBXFileReference; lastKnownFileType = sourcecode.swift; path = ViewController.swift; sourceTree = "<group>"; };
		EC008AAB2AE644C100A5CEB3 /* Assets.xcassets */ = {isa = PBXFileReference; lastKnownFileType = folder.assetcatalog; path = Assets.xcassets; sourceTree = "<group>"; };
		EC008AAE2AE644C100A5CEB3 /* Base */ = {isa = PBXFileReference; lastKnownFileType = file.storyboard; name = Base; path = Base.lproj/Main.storyboard; sourceTree = "<group>"; };
		EC008AB02AE644C100A5CEB3 /* SwiftAdventure.entitlements */ = {isa = PBXFileReference; lastKnownFileType = text.plist.entitlements; path = SwiftAdventure.entitlements; sourceTree = "<group>"; };
		EC008AB72AE64D5000A5CEB3 /* Player.swift */ = {isa = PBXFileReference; lastKnownFileType = sourcecode.swift; path = Player.swift; sourceTree = "<group>"; };
		EC33480B2AE60AD900CF4668 /* fear_wall.mp3 */ = {isa = PBXFileReference; lastKnownFileType = audio.mp3; path = fear_wall.mp3; sourceTree = "<group>"; };
		EC33480C2AE60AD900CF4668 /* fear_moan.wav */ = {isa = PBXFileReference; lastKnownFileType = audio.wav; path = fear_moan.wav; sourceTree = "<group>"; };
		EC33480D2AE60AD900CF4668 /* fear_bg.mp3 */ = {isa = PBXFileReference; lastKnownFileType = audio.mp3; path = fear_bg.mp3; sourceTree = "<group>"; };
		EC33480E2AE60AD900CF4668 /* fear_lose.mp3 */ = {isa = PBXFileReference; lastKnownFileType = audio.mp3; path = fear_lose.mp3; sourceTree = "<group>"; };
		EC33480F2AE60AD900CF4668 /* fear_win.mp3 */ = {isa = PBXFileReference; lastKnownFileType = audio.mp3; path = fear_win.mp3; sourceTree = "<group>"; };
		EC33482F2AE6155A00CF4668 /* Keypress.swift */ = {isa = PBXFileReference; lastKnownFileType = sourcecode.swift; path = Keypress.swift; sourceTree = "<group>"; };
		ECDA2BBF2AEAE6FE00C3EE66 /* KeyScene.sks */ = {isa = PBXFileReference; lastKnownFileType = file.sks; path = KeyScene.sks; sourceTree = "<group>"; };
		ECDA2BC22AEB06F400C3EE66 /* GoalScene.sks */ = {isa = PBXFileReference; lastKnownFileType = file.sks; path = GoalScene.sks; sourceTree = "<group>"; };
		ECDA2BC42AEB070100C3EE66 /* DoorScene.sks */ = {isa = PBXFileReference; lastKnownFileType = file.sks; path = DoorScene.sks; sourceTree = "<group>"; };
		ECDA2BC62AEB093600C3EE66 /* GameOver.swift */ = {isa = PBXFileReference; lastKnownFileType = sourcecode.swift; path = GameOver.swift; sourceTree = "<group>"; };
		ECDA2BCC2AEB4F6800C3EE66 /* PlayerScene.sks */ = {isa = PBXFileReference; lastKnownFileType = file.sks; path = PlayerScene.sks; sourceTree = "<group>"; };
		ECDA2BD02AEB589F00C3EE66 /* WorldTiles.sks */ = {isa = PBXFileReference; lastKnownFileType = file.sks; path = WorldTiles.sks; sourceTree = "<group>"; };
		ECDA2BD42AEB5C8800C3EE66 /* Level02.sks */ = {isa = PBXFileReference; lastKnownFileType = file.sks; path = Level02.sks; sourceTree = "<group>"; };
		ECDA2BD62AEB630800C3EE66 /* Level03.sks */ = {isa = PBXFileReference; lastKnownFileType = file.sks; path = Level03.sks; sourceTree = "<group>"; };
		ECF99E252AE41DDE00657FC2 /* SwiftGames.app */ = {isa = PBXFileReference; explicitFileType = wrapper.application; includeInIndex = 0; path = SwiftGames.app; sourceTree = BUILT_PRODUCTS_DIR; };
		ECF99E282AE41DDE00657FC2 /* AppDelegate.swift */ = {isa = PBXFileReference; lastKnownFileType = sourcecode.swift; path = AppDelegate.swift; sourceTree = "<group>"; };
		ECF99E2A2AE41DDE00657FC2 /* GameScene.sks */ = {isa = PBXFileReference; lastKnownFileType = file.sks; path = GameScene.sks; sourceTree = "<group>"; };
		ECF99E2C2AE41DDE00657FC2 /* Actions.sks */ = {isa = PBXFileReference; lastKnownFileType = file.sks; path = Actions.sks; sourceTree = "<group>"; };
		ECF99E2E2AE41DDE00657FC2 /* GameScene.swift */ = {isa = PBXFileReference; lastKnownFileType = sourcecode.swift; path = GameScene.swift; sourceTree = "<group>"; };
		ECF99E302AE41DDE00657FC2 /* ViewController.swift */ = {isa = PBXFileReference; lastKnownFileType = sourcecode.swift; path = ViewController.swift; sourceTree = "<group>"; };
		ECF99E322AE41DE000657FC2 /* Assets.xcassets */ = {isa = PBXFileReference; lastKnownFileType = folder.assetcatalog; path = Assets.xcassets; sourceTree = "<group>"; };
		ECF99E352AE41DE000657FC2 /* Base */ = {isa = PBXFileReference; lastKnownFileType = file.storyboard; name = Base; path = Base.lproj/Main.storyboard; sourceTree = "<group>"; };
		ECF99E372AE41DE000657FC2 /* SwiftGames.entitlements */ = {isa = PBXFileReference; lastKnownFileType = text.plist.entitlements; path = SwiftGames.entitlements; sourceTree = "<group>"; };
		ECF99E412AE41FC800657FC2 /* SwiftLabelPlaying.app */ = {isa = PBXFileReference; explicitFileType = wrapper.application; includeInIndex = 0; path = SwiftLabelPlaying.app; sourceTree = BUILT_PRODUCTS_DIR; };
		ECF99E432AE41FC800657FC2 /* AppDelegate.swift */ = {isa = PBXFileReference; lastKnownFileType = sourcecode.swift; path = AppDelegate.swift; sourceTree = "<group>"; };
		ECF99E452AE41FC800657FC2 /* GameScene.sks */ = {isa = PBXFileReference; lastKnownFileType = file.sks; path = GameScene.sks; sourceTree = "<group>"; };
		ECF99E472AE41FC800657FC2 /* Actions.sks */ = {isa = PBXFileReference; lastKnownFileType = file.sks; path = Actions.sks; sourceTree = "<group>"; };
		ECF99E4B2AE41FC800657FC2 /* ViewController.swift */ = {isa = PBXFileReference; lastKnownFileType = sourcecode.swift; path = ViewController.swift; sourceTree = "<group>"; };
		ECF99E4D2AE41FCA00657FC2 /* Assets.xcassets */ = {isa = PBXFileReference; lastKnownFileType = folder.assetcatalog; path = Assets.xcassets; sourceTree = "<group>"; };
		ECF99E502AE41FCA00657FC2 /* Base */ = {isa = PBXFileReference; lastKnownFileType = file.storyboard; name = Base; path = Base.lproj/Main.storyboard; sourceTree = "<group>"; };
		ECF99E522AE41FCA00657FC2 /* SwiftLabelPlaying.entitlements */ = {isa = PBXFileReference; lastKnownFileType = text.plist.entitlements; path = SwiftLabelPlaying.entitlements; sourceTree = "<group>"; };
		ECF99E5E2AE4321B00657FC2 /* CoinCollector.app */ = {isa = PBXFileReference; explicitFileType = wrapper.application; includeInIndex = 0; path = CoinCollector.app; sourceTree = BUILT_PRODUCTS_DIR; };
		ECF99E602AE4321B00657FC2 /* AppDelegate.swift */ = {isa = PBXFileReference; lastKnownFileType = sourcecode.swift; path = AppDelegate.swift; sourceTree = "<group>"; };
		ECF99E642AE4321B00657FC2 /* Actions.sks */ = {isa = PBXFileReference; lastKnownFileType = file.sks; path = Actions.sks; sourceTree = "<group>"; };
		ECF99E682AE4321B00657FC2 /* ViewController.swift */ = {isa = PBXFileReference; lastKnownFileType = sourcecode.swift; path = ViewController.swift; sourceTree = "<group>"; };
		ECF99E6A2AE4321C00657FC2 /* Assets.xcassets */ = {isa = PBXFileReference; lastKnownFileType = folder.assetcatalog; path = Assets.xcassets; sourceTree = "<group>"; };
		ECF99E6D2AE4321C00657FC2 /* Base */ = {isa = PBXFileReference; lastKnownFileType = file.storyboard; name = Base; path = Base.lproj/Main.storyboard; sourceTree = "<group>"; };
		ECF99E6F2AE4321C00657FC2 /* CoinCollector.entitlements */ = {isa = PBXFileReference; lastKnownFileType = text.plist.entitlements; path = CoinCollector.entitlements; sourceTree = "<group>"; };
		ECF99E732AE4329A00657FC2 /* GameScene.swift */ = {isa = PBXFileReference; fileEncoding = 4; lastKnownFileType = sourcecode.swift; path = GameScene.swift; sourceTree = "<group>"; };
		ECF99E742AE4329A00657FC2 /* GameOver.swift */ = {isa = PBXFileReference; fileEncoding = 4; lastKnownFileType = sourcecode.swift; path = GameOver.swift; sourceTree = "<group>"; };
		ECF99E752AE4329A00657FC2 /* GameOver.sks */ = {isa = PBXFileReference; lastKnownFileType = file.sks; path = GameOver.sks; sourceTree = "<group>"; };
		ECF99E762AE4329A00657FC2 /* GameScene.sks */ = {isa = PBXFileReference; lastKnownFileType = file.sks; path = GameScene.sks; sourceTree = "<group>"; };
		ECF99E7B2AE4331500657FC2 /* GameScene.swift */ = {isa = PBXFileReference; fileEncoding = 4; lastKnownFileType = sourcecode.swift; path = GameScene.swift; sourceTree = "<group>"; };
		ECF99E812AE4346500657FC2 /* SwiftTennis.app */ = {isa = PBXFileReference; explicitFileType = wrapper.application; includeInIndex = 0; path = SwiftTennis.app; sourceTree = BUILT_PRODUCTS_DIR; };
		ECF99E832AE4346500657FC2 /* AppDelegate.swift */ = {isa = PBXFileReference; lastKnownFileType = sourcecode.swift; path = AppDelegate.swift; sourceTree = "<group>"; };
		ECF99E8D2AE4346600657FC2 /* Assets.xcassets */ = {isa = PBXFileReference; lastKnownFileType = folder.assetcatalog; path = Assets.xcassets; sourceTree = "<group>"; };
		ECF99E902AE4346600657FC2 /* Base */ = {isa = PBXFileReference; lastKnownFileType = file.storyboard; name = Base; path = Base.lproj/Main.storyboard; sourceTree = "<group>"; };
		ECF99E922AE4346600657FC2 /* SwiftTennis.entitlements */ = {isa = PBXFileReference; lastKnownFileType = text.plist.entitlements; path = SwiftTennis.entitlements; sourceTree = "<group>"; };
		ECF99E962AE434FA00657FC2 /* GameScene.swift */ = {isa = PBXFileReference; fileEncoding = 4; lastKnownFileType = sourcecode.swift; path = GameScene.swift; sourceTree = "<group>"; };
		ECF99E972AE434FA00657FC2 /* GameOver.swift */ = {isa = PBXFileReference; fileEncoding = 4; lastKnownFileType = sourcecode.swift; path = GameOver.swift; sourceTree = "<group>"; };
		ECF99E982AE434FA00657FC2 /* ViewController.swift */ = {isa = PBXFileReference; fileEncoding = 4; lastKnownFileType = sourcecode.swift; path = ViewController.swift; sourceTree = "<group>"; };
		ECF99EA02AE4366300657FC2 /* SwiftBreakout.app */ = {isa = PBXFileReference; explicitFileType = wrapper.application; includeInIndex = 0; path = SwiftBreakout.app; sourceTree = BUILT_PRODUCTS_DIR; };
		ECF99EA22AE4366300657FC2 /* AppDelegate.swift */ = {isa = PBXFileReference; lastKnownFileType = sourcecode.swift; path = AppDelegate.swift; sourceTree = "<group>"; };
		ECF99EAC2AE4366400657FC2 /* Assets.xcassets */ = {isa = PBXFileReference; lastKnownFileType = folder.assetcatalog; path = Assets.xcassets; sourceTree = "<group>"; };
		ECF99EAF2AE4366400657FC2 /* Base */ = {isa = PBXFileReference; lastKnownFileType = file.storyboard; name = Base; path = Base.lproj/Main.storyboard; sourceTree = "<group>"; };
		ECF99EB12AE4366400657FC2 /* SwiftBreakout.entitlements */ = {isa = PBXFileReference; lastKnownFileType = text.plist.entitlements; path = SwiftBreakout.entitlements; sourceTree = "<group>"; };
		ECF99EB62AE436D600657FC2 /* WallNode.swift */ = {isa = PBXFileReference; fileEncoding = 4; lastKnownFileType = sourcecode.swift; path = WallNode.swift; sourceTree = "<group>"; };
		ECF99EB72AE436D600657FC2 /* TileNode.swift */ = {isa = PBXFileReference; fileEncoding = 4; lastKnownFileType = sourcecode.swift; path = TileNode.swift; sourceTree = "<group>"; };
		ECF99EB82AE436D600657FC2 /* PaddleNode.swift */ = {isa = PBXFileReference; fileEncoding = 4; lastKnownFileType = sourcecode.swift; path = PaddleNode.swift; sourceTree = "<group>"; };
		ECF99EB92AE436D600657FC2 /* TitleNode.swift */ = {isa = PBXFileReference; fileEncoding = 4; lastKnownFileType = sourcecode.swift; path = TitleNode.swift; sourceTree = "<group>"; };
		ECF99EBA2AE436D600657FC2 /* BallNode.swift */ = {isa = PBXFileReference; fileEncoding = 4; lastKnownFileType = sourcecode.swift; path = BallNode.swift; sourceTree = "<group>"; };
		ECF99EC02AE4370900657FC2 /* GameOver.swift */ = {isa = PBXFileReference; fileEncoding = 4; lastKnownFileType = sourcecode.swift; path = GameOver.swift; sourceTree = "<group>"; };
		ECF99EC12AE4370900657FC2 /* GameScene.swift */ = {isa = PBXFileReference; fileEncoding = 4; lastKnownFileType = sourcecode.swift; path = GameScene.swift; sourceTree = "<group>"; };
		ECF99EC22AE4370900657FC2 /* ViewController.swift */ = {isa = PBXFileReference; fileEncoding = 4; lastKnownFileType = sourcecode.swift; path = ViewController.swift; sourceTree = "<group>"; };
		ECF99ECA2AE4384400657FC2 /* SwiftRacer.app */ = {isa = PBXFileReference; explicitFileType = wrapper.application; includeInIndex = 0; path = SwiftRacer.app; sourceTree = BUILT_PRODUCTS_DIR; };
		ECF99ECC2AE4384400657FC2 /* AppDelegate.swift */ = {isa = PBXFileReference; lastKnownFileType = sourcecode.swift; path = AppDelegate.swift; sourceTree = "<group>"; };
		ECF99ED62AE4384500657FC2 /* Assets.xcassets */ = {isa = PBXFileReference; lastKnownFileType = folder.assetcatalog; path = Assets.xcassets; sourceTree = "<group>"; };
		ECF99ED92AE4384500657FC2 /* Base */ = {isa = PBXFileReference; lastKnownFileType = file.storyboard; name = Base; path = Base.lproj/Main.storyboard; sourceTree = "<group>"; };
		ECF99EDB2AE4384500657FC2 /* SwiftRacer.entitlements */ = {isa = PBXFileReference; lastKnownFileType = text.plist.entitlements; path = SwiftRacer.entitlements; sourceTree = "<group>"; };
		ECF99EDF2AE4393700657FC2 /* Car.swift */ = {isa = PBXFileReference; fileEncoding = 4; lastKnownFileType = sourcecode.swift; path = Car.swift; sourceTree = "<group>"; };
		ECF99EE02AE4393700657FC2 /* GameScene.swift */ = {isa = PBXFileReference; fileEncoding = 4; lastKnownFileType = sourcecode.swift; path = GameScene.swift; sourceTree = "<group>"; };
		ECF99EE12AE4393700657FC2 /* GameOver.swift */ = {isa = PBXFileReference; fileEncoding = 4; lastKnownFileType = sourcecode.swift; path = GameOver.swift; sourceTree = "<group>"; };
		ECF99EE22AE4393700657FC2 /* Track.swift */ = {isa = PBXFileReference; fileEncoding = 4; lastKnownFileType = sourcecode.swift; path = Track.swift; sourceTree = "<group>"; };
		ECF99EE32AE4393700657FC2 /* TitleNode.swift */ = {isa = PBXFileReference; fileEncoding = 4; lastKnownFileType = sourcecode.swift; path = TitleNode.swift; sourceTree = "<group>"; };
		ECF99EE42AE4393700657FC2 /* ViewController.swift */ = {isa = PBXFileReference; fileEncoding = 4; lastKnownFileType = sourcecode.swift; path = ViewController.swift; sourceTree = "<group>"; };
		ECF99EEF2AE44E4C00657FC2 /* SwiftNoiseMap.app */ = {isa = PBXFileReference; explicitFileType = wrapper.application; includeInIndex = 0; path = SwiftNoiseMap.app; sourceTree = BUILT_PRODUCTS_DIR; };
		ECF99EF12AE44E4C00657FC2 /* AppDelegate.swift */ = {isa = PBXFileReference; lastKnownFileType = sourcecode.swift; path = AppDelegate.swift; sourceTree = "<group>"; };
		ECF99EF72AE44E4C00657FC2 /* GameScene.swift */ = {isa = PBXFileReference; lastKnownFileType = sourcecode.swift; path = GameScene.swift; sourceTree = "<group>"; };
		ECF99EF92AE44E4C00657FC2 /* ViewController.swift */ = {isa = PBXFileReference; lastKnownFileType = sourcecode.swift; path = ViewController.swift; sourceTree = "<group>"; };
		ECF99EFB2AE44E4D00657FC2 /* Assets.xcassets */ = {isa = PBXFileReference; lastKnownFileType = folder.assetcatalog; path = Assets.xcassets; sourceTree = "<group>"; };
		ECF99EFE2AE44E4D00657FC2 /* Base */ = {isa = PBXFileReference; lastKnownFileType = file.storyboard; name = Base; path = Base.lproj/Main.storyboard; sourceTree = "<group>"; };
		ECF99F002AE44E4D00657FC2 /* SwiftAdventure.entitlements */ = {isa = PBXFileReference; lastKnownFileType = text.plist.entitlements; path = SwiftAdventure.entitlements; sourceTree = "<group>"; };
		ECF99F042AE4A0AE00657FC2 /* TileSet.sks */ = {isa = PBXFileReference; lastKnownFileType = file.sks; path = TileSet.sks; sourceTree = "<group>"; };
		ECF99F082AE4ADF300657FC2 /* MyScene.sks */ = {isa = PBXFileReference; lastKnownFileType = file.sks; path = MyScene.sks; sourceTree = "<group>"; };
		ECF99F0E2AE4B0F700657FC2 /* FearTheDead.app */ = {isa = PBXFileReference; explicitFileType = wrapper.application; includeInIndex = 0; path = FearTheDead.app; sourceTree = BUILT_PRODUCTS_DIR; };
		ECF99F102AE4B0F700657FC2 /* AppDelegate.swift */ = {isa = PBXFileReference; lastKnownFileType = sourcecode.swift; path = AppDelegate.swift; sourceTree = "<group>"; };
		ECF99F122AE4B0F700657FC2 /* GameScene.sks */ = {isa = PBXFileReference; lastKnownFileType = file.sks; path = GameScene.sks; sourceTree = "<group>"; };
		ECF99F162AE4B0F700657FC2 /* GameScene.swift */ = {isa = PBXFileReference; lastKnownFileType = sourcecode.swift; path = GameScene.swift; sourceTree = "<group>"; };
		ECF99F182AE4B0F700657FC2 /* ViewController.swift */ = {isa = PBXFileReference; lastKnownFileType = sourcecode.swift; path = ViewController.swift; sourceTree = "<group>"; };
		ECF99F1A2AE4B0F800657FC2 /* Assets.xcassets */ = {isa = PBXFileReference; lastKnownFileType = folder.assetcatalog; path = Assets.xcassets; sourceTree = "<group>"; };
		ECF99F1D2AE4B0F800657FC2 /* Base */ = {isa = PBXFileReference; lastKnownFileType = file.storyboard; name = Base; path = Base.lproj/Main.storyboard; sourceTree = "<group>"; };
		ECF99F1F2AE4B0F800657FC2 /* FearTheDead.entitlements */ = {isa = PBXFileReference; lastKnownFileType = text.plist.entitlements; path = FearTheDead.entitlements; sourceTree = "<group>"; };
		ECF99F232AE4B26400657FC2 /* MenuScene.swift */ = {isa = PBXFileReference; fileEncoding = 4; lastKnownFileType = sourcecode.swift; path = MenuScene.swift; sourceTree = "<group>"; };
		ECF99F252AE4CB4000657FC2 /* Wall.sks */ = {isa = PBXFileReference; lastKnownFileType = file.sks; path = Wall.sks; sourceTree = "<group>"; };
		ECF99F282AE4CC0C00657FC2 /* Room.sks */ = {isa = PBXFileReference; lastKnownFileType = file.sks; path = Room.sks; sourceTree = "<group>"; };
/* End PBXFileReference section */

/* Begin PBXFrameworksBuildPhase section */
		EC008A9C2AE644C000A5CEB3 /* Frameworks */ = {
			isa = PBXFrameworksBuildPhase;
			buildActionMask = 2147483647;
			files = (
			);
			runOnlyForDeploymentPostprocessing = 0;
		};
		ECF99E222AE41DDE00657FC2 /* Frameworks */ = {
			isa = PBXFrameworksBuildPhase;
			buildActionMask = 2147483647;
			files = (
			);
			runOnlyForDeploymentPostprocessing = 0;
		};
		ECF99E3E2AE41FC800657FC2 /* Frameworks */ = {
			isa = PBXFrameworksBuildPhase;
			buildActionMask = 2147483647;
			files = (
			);
			runOnlyForDeploymentPostprocessing = 0;
		};
		ECF99E5B2AE4321B00657FC2 /* Frameworks */ = {
			isa = PBXFrameworksBuildPhase;
			buildActionMask = 2147483647;
			files = (
			);
			runOnlyForDeploymentPostprocessing = 0;
		};
		ECF99E7E2AE4346500657FC2 /* Frameworks */ = {
			isa = PBXFrameworksBuildPhase;
			buildActionMask = 2147483647;
			files = (
			);
			runOnlyForDeploymentPostprocessing = 0;
		};
		ECF99E9D2AE4366300657FC2 /* Frameworks */ = {
			isa = PBXFrameworksBuildPhase;
			buildActionMask = 2147483647;
			files = (
			);
			runOnlyForDeploymentPostprocessing = 0;
		};
		ECF99EC72AE4384400657FC2 /* Frameworks */ = {
			isa = PBXFrameworksBuildPhase;
			buildActionMask = 2147483647;
			files = (
			);
			runOnlyForDeploymentPostprocessing = 0;
		};
		ECF99EEC2AE44E4C00657FC2 /* Frameworks */ = {
			isa = PBXFrameworksBuildPhase;
			buildActionMask = 2147483647;
			files = (
			);
			runOnlyForDeploymentPostprocessing = 0;
		};
		ECF99F0B2AE4B0F700657FC2 /* Frameworks */ = {
			isa = PBXFrameworksBuildPhase;
			buildActionMask = 2147483647;
			files = (
			);
			runOnlyForDeploymentPostprocessing = 0;
		};
/* End PBXFrameworksBuildPhase section */

/* Begin PBXGroup section */
		EC008AA02AE644C000A5CEB3 /* SwiftAdventure */ = {
			isa = PBXGroup;
			children = (
				ECDA2BC12AEB067600C3EE66 /* Scenes */,
				EC008AA12AE644C000A5CEB3 /* AppDelegate.swift */,
				EC008AA72AE644C000A5CEB3 /* GameScene.swift */,
				ECDA2BC62AEB093600C3EE66 /* GameOver.swift */,
				EC008AA92AE644C000A5CEB3 /* ViewController.swift */,
				EC008AB72AE64D5000A5CEB3 /* Player.swift */,
				EC008AAB2AE644C100A5CEB3 /* Assets.xcassets */,
				EC008AAD2AE644C100A5CEB3 /* Main.storyboard */,
				EC008AB02AE644C100A5CEB3 /* SwiftAdventure.entitlements */,
			);
			path = SwiftAdventure;
			sourceTree = "<group>";
		};
		EC33480A2AE60AA800CF4668 /* Sounds */ = {
			isa = PBXGroup;
			children = (
				EC33480D2AE60AD900CF4668 /* fear_bg.mp3 */,
				EC33480E2AE60AD900CF4668 /* fear_lose.mp3 */,
				EC33480C2AE60AD900CF4668 /* fear_moan.wav */,
				EC33480B2AE60AD900CF4668 /* fear_wall.mp3 */,
				EC33480F2AE60AD900CF4668 /* fear_win.mp3 */,
			);
			path = Sounds;
			sourceTree = "<group>";
		};
		EC33482E2AE6153E00CF4668 /* Shared */ = {
			isa = PBXGroup;
			children = (
				EC33482F2AE6155A00CF4668 /* Keypress.swift */,
			);
			path = Shared;
			sourceTree = "<group>";
		};
		ECDA2BC12AEB067600C3EE66 /* Scenes */ = {
			isa = PBXGroup;
			children = (
				EC008AA32AE644C000A5CEB3 /* GameScene.sks */,
				ECDA2BD42AEB5C8800C3EE66 /* Level02.sks */,
				ECDA2BD62AEB630800C3EE66 /* Level03.sks */,
				ECDA2BD02AEB589F00C3EE66 /* WorldTiles.sks */,
				ECDA2BBF2AEAE6FE00C3EE66 /* KeyScene.sks */,
				ECDA2BC22AEB06F400C3EE66 /* GoalScene.sks */,
				ECDA2BC42AEB070100C3EE66 /* DoorScene.sks */,
				ECDA2BCC2AEB4F6800C3EE66 /* PlayerScene.sks */,
			);
			path = Scenes;
			sourceTree = "<group>";
		};
		ECF99E1C2AE41DDE00657FC2 = {
			isa = PBXGroup;
			children = (
				EC33482E2AE6153E00CF4668 /* Shared */,
				ECF99E272AE41DDE00657FC2 /* SwiftGames */,
				ECF99E422AE41FC800657FC2 /* SwiftLabelPlaying */,
				ECF99E5F2AE4321B00657FC2 /* CoinCollector */,
				ECF99E822AE4346500657FC2 /* SwiftTennis */,
				ECF99EA12AE4366300657FC2 /* SwiftBreakout */,
				ECF99ECB2AE4384400657FC2 /* SwiftRacer */,
				ECF99EF02AE44E4C00657FC2 /* SwiftNoiseMap */,
				ECF99F0F2AE4B0F700657FC2 /* FearTheDead */,
				EC008AA02AE644C000A5CEB3 /* SwiftAdventure */,
				ECF99E262AE41DDE00657FC2 /* Products */,
			);
			sourceTree = "<group>";
		};
		ECF99E262AE41DDE00657FC2 /* Products */ = {
			isa = PBXGroup;
			children = (
				ECF99E252AE41DDE00657FC2 /* SwiftGames.app */,
				ECF99E412AE41FC800657FC2 /* SwiftLabelPlaying.app */,
				ECF99E5E2AE4321B00657FC2 /* CoinCollector.app */,
				ECF99E812AE4346500657FC2 /* SwiftTennis.app */,
				ECF99EA02AE4366300657FC2 /* SwiftBreakout.app */,
				ECF99ECA2AE4384400657FC2 /* SwiftRacer.app */,
				ECF99EEF2AE44E4C00657FC2 /* SwiftNoiseMap.app */,
				ECF99F0E2AE4B0F700657FC2 /* FearTheDead.app */,
				EC008A9F2AE644C000A5CEB3 /* SwiftAdventure.app */,
			);
			name = Products;
			sourceTree = "<group>";
		};
		ECF99E272AE41DDE00657FC2 /* SwiftGames */ = {
			isa = PBXGroup;
			children = (
				ECF99E282AE41DDE00657FC2 /* AppDelegate.swift */,
				ECF99E2A2AE41DDE00657FC2 /* GameScene.sks */,
				ECF99E2C2AE41DDE00657FC2 /* Actions.sks */,
				ECF99E2E2AE41DDE00657FC2 /* GameScene.swift */,
				ECF99E302AE41DDE00657FC2 /* ViewController.swift */,
				ECF99E322AE41DE000657FC2 /* Assets.xcassets */,
				ECF99E342AE41DE000657FC2 /* Main.storyboard */,
				ECF99E372AE41DE000657FC2 /* SwiftGames.entitlements */,
			);
			path = SwiftGames;
			sourceTree = "<group>";
		};
		ECF99E422AE41FC800657FC2 /* SwiftLabelPlaying */ = {
			isa = PBXGroup;
			children = (
				ECF99E432AE41FC800657FC2 /* AppDelegate.swift */,
				ECF99E452AE41FC800657FC2 /* GameScene.sks */,
				ECF99E7B2AE4331500657FC2 /* GameScene.swift */,
				ECF99E472AE41FC800657FC2 /* Actions.sks */,
				ECF99E4B2AE41FC800657FC2 /* ViewController.swift */,
				ECF99E4D2AE41FCA00657FC2 /* Assets.xcassets */,
				ECF99E4F2AE41FCA00657FC2 /* Main.storyboard */,
				ECF99E522AE41FCA00657FC2 /* SwiftLabelPlaying.entitlements */,
			);
			path = SwiftLabelPlaying;
			sourceTree = "<group>";
		};
		ECF99E5F2AE4321B00657FC2 /* CoinCollector */ = {
			isa = PBXGroup;
			children = (
				ECF99E602AE4321B00657FC2 /* AppDelegate.swift */,
				ECF99E642AE4321B00657FC2 /* Actions.sks */,
				ECF99E682AE4321B00657FC2 /* ViewController.swift */,
				ECF99E6A2AE4321C00657FC2 /* Assets.xcassets */,
				ECF99E6C2AE4321C00657FC2 /* Main.storyboard */,
				ECF99E6F2AE4321C00657FC2 /* CoinCollector.entitlements */,
				ECF99E752AE4329A00657FC2 /* GameOver.sks */,
				ECF99E742AE4329A00657FC2 /* GameOver.swift */,
				ECF99E762AE4329A00657FC2 /* GameScene.sks */,
				ECF99E732AE4329A00657FC2 /* GameScene.swift */,
			);
			path = CoinCollector;
			sourceTree = "<group>";
		};
		ECF99E822AE4346500657FC2 /* SwiftTennis */ = {
			isa = PBXGroup;
			children = (
				ECF99E832AE4346500657FC2 /* AppDelegate.swift */,
				ECF99E972AE434FA00657FC2 /* GameOver.swift */,
				ECF99E962AE434FA00657FC2 /* GameScene.swift */,
				ECF99E982AE434FA00657FC2 /* ViewController.swift */,
				ECF99E8D2AE4346600657FC2 /* Assets.xcassets */,
				ECF99E8F2AE4346600657FC2 /* Main.storyboard */,
				ECF99E922AE4346600657FC2 /* SwiftTennis.entitlements */,
			);
			path = SwiftTennis;
			sourceTree = "<group>";
		};
		ECF99EA12AE4366300657FC2 /* SwiftBreakout */ = {
			isa = PBXGroup;
			children = (
				ECF99EB52AE436B900657FC2 /* Nodes */,
				ECF99EA22AE4366300657FC2 /* AppDelegate.swift */,
				ECF99EC02AE4370900657FC2 /* GameOver.swift */,
				ECF99EC12AE4370900657FC2 /* GameScene.swift */,
				ECF99EC22AE4370900657FC2 /* ViewController.swift */,
				ECF99EAC2AE4366400657FC2 /* Assets.xcassets */,
				ECF99EAE2AE4366400657FC2 /* Main.storyboard */,
				ECF99EB12AE4366400657FC2 /* SwiftBreakout.entitlements */,
			);
			path = SwiftBreakout;
			sourceTree = "<group>";
		};
		ECF99EB52AE436B900657FC2 /* Nodes */ = {
			isa = PBXGroup;
			children = (
				ECF99EBA2AE436D600657FC2 /* BallNode.swift */,
				ECF99EB82AE436D600657FC2 /* PaddleNode.swift */,
				ECF99EB72AE436D600657FC2 /* TileNode.swift */,
				ECF99EB92AE436D600657FC2 /* TitleNode.swift */,
				ECF99EB62AE436D600657FC2 /* WallNode.swift */,
			);
			path = Nodes;
			sourceTree = "<group>";
		};
		ECF99ECB2AE4384400657FC2 /* SwiftRacer */ = {
			isa = PBXGroup;
			children = (
				ECF99ECC2AE4384400657FC2 /* AppDelegate.swift */,
				ECF99EDF2AE4393700657FC2 /* Car.swift */,
				ECF99EE12AE4393700657FC2 /* GameOver.swift */,
				ECF99EE02AE4393700657FC2 /* GameScene.swift */,
				ECF99EE32AE4393700657FC2 /* TitleNode.swift */,
				ECF99EE22AE4393700657FC2 /* Track.swift */,
				ECF99EE42AE4393700657FC2 /* ViewController.swift */,
				ECF99ED62AE4384500657FC2 /* Assets.xcassets */,
				ECF99ED82AE4384500657FC2 /* Main.storyboard */,
				ECF99EDB2AE4384500657FC2 /* SwiftRacer.entitlements */,
			);
			path = SwiftRacer;
			sourceTree = "<group>";
		};
		ECF99EF02AE44E4C00657FC2 /* SwiftNoiseMap */ = {
			isa = PBXGroup;
			children = (
				ECF99EF12AE44E4C00657FC2 /* AppDelegate.swift */,
				ECF99EF72AE44E4C00657FC2 /* GameScene.swift */,
				ECF99EF92AE44E4C00657FC2 /* ViewController.swift */,
				ECF99EFB2AE44E4D00657FC2 /* Assets.xcassets */,
				ECF99EFD2AE44E4D00657FC2 /* Main.storyboard */,
				ECF99F002AE44E4D00657FC2 /* SwiftAdventure.entitlements */,
				ECF99F042AE4A0AE00657FC2 /* TileSet.sks */,
				ECF99F082AE4ADF300657FC2 /* MyScene.sks */,
			);
			path = SwiftNoiseMap;
			sourceTree = "<group>";
		};
		ECF99F0F2AE4B0F700657FC2 /* FearTheDead */ = {
			isa = PBXGroup;
			children = (
				ECF99F272AE4CBDB00657FC2 /* Scenes */,
				EC33480A2AE60AA800CF4668 /* Sounds */,
				ECF99F102AE4B0F700657FC2 /* AppDelegate.swift */,
				ECF99F162AE4B0F700657FC2 /* GameScene.swift */,
				ECF99F232AE4B26400657FC2 /* MenuScene.swift */,
				ECF99F182AE4B0F700657FC2 /* ViewController.swift */,
				ECF99F1A2AE4B0F800657FC2 /* Assets.xcassets */,
				ECF99F1C2AE4B0F800657FC2 /* Main.storyboard */,
				ECF99F1F2AE4B0F800657FC2 /* FearTheDead.entitlements */,
			);
			path = FearTheDead;
			sourceTree = "<group>";
		};
		ECF99F272AE4CBDB00657FC2 /* Scenes */ = {
			isa = PBXGroup;
			children = (
				ECF99F122AE4B0F700657FC2 /* GameScene.sks */,
				ECF99F282AE4CC0C00657FC2 /* Room.sks */,
				ECF99F252AE4CB4000657FC2 /* Wall.sks */,
			);
			path = Scenes;
			sourceTree = "<group>";
		};
/* End PBXGroup section */

/* Begin PBXNativeTarget section */
		EC008A9E2AE644C000A5CEB3 /* SwiftAdventure */ = {
			isa = PBXNativeTarget;
			buildConfigurationList = EC008AB12AE644C100A5CEB3 /* Build configuration list for PBXNativeTarget "SwiftAdventure" */;
			buildPhases = (
				EC008A9B2AE644C000A5CEB3 /* Sources */,
				EC008A9C2AE644C000A5CEB3 /* Frameworks */,
				EC008A9D2AE644C000A5CEB3 /* Resources */,
			);
			buildRules = (
			);
			dependencies = (
			);
			name = SwiftAdventure;
			productName = SwiftAdventure;
			productReference = EC008A9F2AE644C000A5CEB3 /* SwiftAdventure.app */;
			productType = "com.apple.product-type.application";
		};
		ECF99E242AE41DDE00657FC2 /* SwiftGames */ = {
			isa = PBXNativeTarget;
			buildConfigurationList = ECF99E3A2AE41DE000657FC2 /* Build configuration list for PBXNativeTarget "SwiftGames" */;
			buildPhases = (
				ECF99E212AE41DDE00657FC2 /* Sources */,
				ECF99E222AE41DDE00657FC2 /* Frameworks */,
				ECF99E232AE41DDE00657FC2 /* Resources */,
			);
			buildRules = (
			);
			dependencies = (
			);
			name = SwiftGames;
			productName = SwiftGames;
			productReference = ECF99E252AE41DDE00657FC2 /* SwiftGames.app */;
			productType = "com.apple.product-type.application";
		};
		ECF99E402AE41FC800657FC2 /* SwiftLabelPlaying */ = {
			isa = PBXNativeTarget;
			buildConfigurationList = ECF99E532AE41FCA00657FC2 /* Build configuration list for PBXNativeTarget "SwiftLabelPlaying" */;
			buildPhases = (
				ECF99E3D2AE41FC800657FC2 /* Sources */,
				ECF99E3E2AE41FC800657FC2 /* Frameworks */,
				ECF99E3F2AE41FC800657FC2 /* Resources */,
			);
			buildRules = (
			);
			dependencies = (
			);
			name = SwiftLabelPlaying;
			productName = SwiftLabelPlaying;
			productReference = ECF99E412AE41FC800657FC2 /* SwiftLabelPlaying.app */;
			productType = "com.apple.product-type.application";
		};
		ECF99E5D2AE4321B00657FC2 /* CoinCollector */ = {
			isa = PBXNativeTarget;
			buildConfigurationList = ECF99E702AE4321C00657FC2 /* Build configuration list for PBXNativeTarget "CoinCollector" */;
			buildPhases = (
				ECF99E5A2AE4321B00657FC2 /* Sources */,
				ECF99E5B2AE4321B00657FC2 /* Frameworks */,
				ECF99E5C2AE4321B00657FC2 /* Resources */,
			);
			buildRules = (
			);
			dependencies = (
			);
			name = CoinCollector;
			productName = CoinCollector;
			productReference = ECF99E5E2AE4321B00657FC2 /* CoinCollector.app */;
			productType = "com.apple.product-type.application";
		};
		ECF99E802AE4346500657FC2 /* SwiftTennis */ = {
			isa = PBXNativeTarget;
			buildConfigurationList = ECF99E932AE4346600657FC2 /* Build configuration list for PBXNativeTarget "SwiftTennis" */;
			buildPhases = (
				ECF99E7D2AE4346500657FC2 /* Sources */,
				ECF99E7E2AE4346500657FC2 /* Frameworks */,
				ECF99E7F2AE4346500657FC2 /* Resources */,
			);
			buildRules = (
			);
			dependencies = (
			);
			name = SwiftTennis;
			productName = SwiftTennis;
			productReference = ECF99E812AE4346500657FC2 /* SwiftTennis.app */;
			productType = "com.apple.product-type.application";
		};
		ECF99E9F2AE4366300657FC2 /* SwiftBreakout */ = {
			isa = PBXNativeTarget;
			buildConfigurationList = ECF99EB22AE4366400657FC2 /* Build configuration list for PBXNativeTarget "SwiftBreakout" */;
			buildPhases = (
				ECF99E9C2AE4366300657FC2 /* Sources */,
				ECF99E9D2AE4366300657FC2 /* Frameworks */,
				ECF99E9E2AE4366300657FC2 /* Resources */,
			);
			buildRules = (
			);
			dependencies = (
			);
			name = SwiftBreakout;
			productName = SwiftBreakout;
			productReference = ECF99EA02AE4366300657FC2 /* SwiftBreakout.app */;
			productType = "com.apple.product-type.application";
		};
		ECF99EC92AE4384400657FC2 /* SwiftRacer */ = {
			isa = PBXNativeTarget;
			buildConfigurationList = ECF99EDC2AE4384500657FC2 /* Build configuration list for PBXNativeTarget "SwiftRacer" */;
			buildPhases = (
				ECF99EC62AE4384400657FC2 /* Sources */,
				ECF99EC72AE4384400657FC2 /* Frameworks */,
				ECF99EC82AE4384400657FC2 /* Resources */,
			);
			buildRules = (
			);
			dependencies = (
			);
			name = SwiftRacer;
			productName = SwiftRacer;
			productReference = ECF99ECA2AE4384400657FC2 /* SwiftRacer.app */;
			productType = "com.apple.product-type.application";
		};
		ECF99EEE2AE44E4C00657FC2 /* SwiftNoiseMap */ = {
			isa = PBXNativeTarget;
			buildConfigurationList = ECF99F012AE44E4D00657FC2 /* Build configuration list for PBXNativeTarget "SwiftNoiseMap" */;
			buildPhases = (
				ECF99EEB2AE44E4C00657FC2 /* Sources */,
				ECF99EEC2AE44E4C00657FC2 /* Frameworks */,
				ECF99EED2AE44E4C00657FC2 /* Resources */,
			);
			buildRules = (
			);
			dependencies = (
			);
			name = SwiftNoiseMap;
			productName = SwiftAdventure;
			productReference = ECF99EEF2AE44E4C00657FC2 /* SwiftNoiseMap.app */;
			productType = "com.apple.product-type.application";
		};
		ECF99F0D2AE4B0F700657FC2 /* FearTheDead */ = {
			isa = PBXNativeTarget;
			buildConfigurationList = ECF99F202AE4B0F800657FC2 /* Build configuration list for PBXNativeTarget "FearTheDead" */;
			buildPhases = (
				ECF99F0A2AE4B0F700657FC2 /* Sources */,
				ECF99F0B2AE4B0F700657FC2 /* Frameworks */,
				ECF99F0C2AE4B0F700657FC2 /* Resources */,
			);
			buildRules = (
			);
			dependencies = (
			);
			name = FearTheDead;
			productName = SwiftAdventureScenes;
			productReference = ECF99F0E2AE4B0F700657FC2 /* FearTheDead.app */;
			productType = "com.apple.product-type.application";
		};
/* End PBXNativeTarget section */

/* Begin PBXProject section */
		ECF99E1D2AE41DDE00657FC2 /* Project object */ = {
			isa = PBXProject;
			attributes = {
				BuildIndependentTargetsInParallel = 1;
				LastSwiftUpdateCheck = 1500;
				LastUpgradeCheck = 1500;
				TargetAttributes = {
					EC008A9E2AE644C000A5CEB3 = {
						CreatedOnToolsVersion = 15.0.1;
					};
					ECF99E242AE41DDE00657FC2 = {
						CreatedOnToolsVersion = 15.0.1;
					};
					ECF99E402AE41FC800657FC2 = {
						CreatedOnToolsVersion = 15.0.1;
					};
					ECF99E5D2AE4321B00657FC2 = {
						CreatedOnToolsVersion = 15.0.1;
					};
					ECF99E802AE4346500657FC2 = {
						CreatedOnToolsVersion = 15.0.1;
					};
					ECF99E9F2AE4366300657FC2 = {
						CreatedOnToolsVersion = 15.0.1;
					};
					ECF99EC92AE4384400657FC2 = {
						CreatedOnToolsVersion = 15.0.1;
					};
					ECF99EEE2AE44E4C00657FC2 = {
						CreatedOnToolsVersion = 15.0.1;
					};
					ECF99F0D2AE4B0F700657FC2 = {
						CreatedOnToolsVersion = 15.0.1;
					};
				};
			};
			buildConfigurationList = ECF99E202AE41DDE00657FC2 /* Build configuration list for PBXProject "SwiftGames" */;
			compatibilityVersion = "Xcode 14.0";
			developmentRegion = en;
			hasScannedForEncodings = 0;
			knownRegions = (
				en,
				Base,
			);
			mainGroup = ECF99E1C2AE41DDE00657FC2;
			productRefGroup = ECF99E262AE41DDE00657FC2 /* Products */;
			projectDirPath = "";
			projectRoot = "";
			targets = (
				ECF99E242AE41DDE00657FC2 /* SwiftGames */,
				ECF99E402AE41FC800657FC2 /* SwiftLabelPlaying */,
				ECF99E5D2AE4321B00657FC2 /* CoinCollector */,
				ECF99E802AE4346500657FC2 /* SwiftTennis */,
				ECF99E9F2AE4366300657FC2 /* SwiftBreakout */,
				ECF99EC92AE4384400657FC2 /* SwiftRacer */,
				ECF99EEE2AE44E4C00657FC2 /* SwiftNoiseMap */,
				ECF99F0D2AE4B0F700657FC2 /* FearTheDead */,
				EC008A9E2AE644C000A5CEB3 /* SwiftAdventure */,
			);
		};
/* End PBXProject section */

/* Begin PBXResourcesBuildPhase section */
		EC008A9D2AE644C000A5CEB3 /* Resources */ = {
			isa = PBXResourcesBuildPhase;
			buildActionMask = 2147483647;
			files = (
				ECDA2BD52AEB5D8F00C3EE66 /* Level02.sks in Resources */,
				ECDA2BC52AEB070100C3EE66 /* DoorScene.sks in Resources */,
				ECDA2BCD2AEB4F6800C3EE66 /* PlayerScene.sks in Resources */,
				EC008AA42AE644C000A5CEB3 /* GameScene.sks in Resources */,
				EC008AAC2AE644C100A5CEB3 /* Assets.xcassets in Resources */,
				ECDA2BC02AEAE6FE00C3EE66 /* KeyScene.sks in Resources */,
				ECDA2BC32AEB06F400C3EE66 /* GoalScene.sks in Resources */,
				ECDA2BD22AEB589F00C3EE66 /* WorldTiles.sks in Resources */,
				EC008AAF2AE644C100A5CEB3 /* Main.storyboard in Resources */,
			);
			runOnlyForDeploymentPostprocessing = 0;
		};
		ECF99E232AE41DDE00657FC2 /* Resources */ = {
			isa = PBXResourcesBuildPhase;
			buildActionMask = 2147483647;
			files = (
				ECF99E2B2AE41DDE00657FC2 /* GameScene.sks in Resources */,
				ECF99E332AE41DE000657FC2 /* Assets.xcassets in Resources */,
				ECF99E2D2AE41DDE00657FC2 /* Actions.sks in Resources */,
				ECF99E362AE41DE000657FC2 /* Main.storyboard in Resources */,
			);
			runOnlyForDeploymentPostprocessing = 0;
		};
		ECF99E3F2AE41FC800657FC2 /* Resources */ = {
			isa = PBXResourcesBuildPhase;
			buildActionMask = 2147483647;
			files = (
				ECF99E462AE41FC800657FC2 /* GameScene.sks in Resources */,
				ECF99E4E2AE41FCA00657FC2 /* Assets.xcassets in Resources */,
				ECF99E482AE41FC800657FC2 /* Actions.sks in Resources */,
				ECF99E512AE41FCA00657FC2 /* Main.storyboard in Resources */,
			);
			runOnlyForDeploymentPostprocessing = 0;
		};
		ECF99E5C2AE4321B00657FC2 /* Resources */ = {
			isa = PBXResourcesBuildPhase;
			buildActionMask = 2147483647;
			files = (
				ECF99E6B2AE4321C00657FC2 /* Assets.xcassets in Resources */,
				ECF99E7A2AE4329A00657FC2 /* GameScene.sks in Resources */,
				ECF99E792AE4329A00657FC2 /* GameOver.sks in Resources */,
				ECF99E652AE4321B00657FC2 /* Actions.sks in Resources */,
				ECF99E6E2AE4321C00657FC2 /* Main.storyboard in Resources */,
			);
			runOnlyForDeploymentPostprocessing = 0;
		};
		ECF99E7F2AE4346500657FC2 /* Resources */ = {
			isa = PBXResourcesBuildPhase;
			buildActionMask = 2147483647;
			files = (
				ECF99E8E2AE4346600657FC2 /* Assets.xcassets in Resources */,
				ECF99E912AE4346600657FC2 /* Main.storyboard in Resources */,
			);
			runOnlyForDeploymentPostprocessing = 0;
		};
		ECF99E9E2AE4366300657FC2 /* Resources */ = {
			isa = PBXResourcesBuildPhase;
			buildActionMask = 2147483647;
			files = (
				ECF99EAD2AE4366400657FC2 /* Assets.xcassets in Resources */,
				ECF99EB02AE4366400657FC2 /* Main.storyboard in Resources */,
			);
			runOnlyForDeploymentPostprocessing = 0;
		};
		ECF99EC82AE4384400657FC2 /* Resources */ = {
			isa = PBXResourcesBuildPhase;
			buildActionMask = 2147483647;
			files = (
				ECF99ED72AE4384500657FC2 /* Assets.xcassets in Resources */,
				ECF99EDA2AE4384500657FC2 /* Main.storyboard in Resources */,
			);
			runOnlyForDeploymentPostprocessing = 0;
		};
		ECF99EED2AE44E4C00657FC2 /* Resources */ = {
			isa = PBXResourcesBuildPhase;
			buildActionMask = 2147483647;
			files = (
				ECF99F052AE4A0AE00657FC2 /* TileSet.sks in Resources */,
				ECF99EFC2AE44E4D00657FC2 /* Assets.xcassets in Resources */,
				ECF99F092AE4ADF300657FC2 /* MyScene.sks in Resources */,
				ECF99EFF2AE44E4D00657FC2 /* Main.storyboard in Resources */,
			);
			runOnlyForDeploymentPostprocessing = 0;
		};
		ECF99F0C2AE4B0F700657FC2 /* Resources */ = {
			isa = PBXResourcesBuildPhase;
			buildActionMask = 2147483647;
			files = (
				ECF99F132AE4B0F700657FC2 /* GameScene.sks in Resources */,
				ECF99F1B2AE4B0F800657FC2 /* Assets.xcassets in Resources */,
				EC3348102AE60AD900CF4668 /* fear_wall.mp3 in Resources */,
				ECF99F1E2AE4B0F800657FC2 /* Main.storyboard in Resources */,
				ECF99F292AE4CC0C00657FC2 /* Room.sks in Resources */,
				EC3348142AE60AD900CF4668 /* fear_win.mp3 in Resources */,
				ECF99F262AE4CB4000657FC2 /* Wall.sks in Resources */,
				EC3348112AE60AD900CF4668 /* fear_moan.wav in Resources */,
				EC3348132AE60AD900CF4668 /* fear_lose.mp3 in Resources */,
				EC3348122AE60AD900CF4668 /* fear_bg.mp3 in Resources */,
			);
			runOnlyForDeploymentPostprocessing = 0;
		};
/* End PBXResourcesBuildPhase section */

/* Begin PBXSourcesBuildPhase section */
		EC008A9B2AE644C000A5CEB3 /* Sources */ = {
			isa = PBXSourcesBuildPhase;
			buildActionMask = 2147483647;
			files = (
				EC008AAA2AE644C000A5CEB3 /* ViewController.swift in Sources */,
				EC008AA82AE644C000A5CEB3 /* GameScene.swift in Sources */,
				EC008AA22AE644C000A5CEB3 /* AppDelegate.swift in Sources */,
				ECDA2BC72AEB093600C3EE66 /* GameOver.swift in Sources */,
				EC008AB82AE64D5000A5CEB3 /* Player.swift in Sources */,
				EC008AB62AE64BB600A5CEB3 /* Keypress.swift in Sources */,
			);
			runOnlyForDeploymentPostprocessing = 0;
		};
		ECF99E212AE41DDE00657FC2 /* Sources */ = {
			isa = PBXSourcesBuildPhase;
			buildActionMask = 2147483647;
			files = (
				ECF99E312AE41DDE00657FC2 /* ViewController.swift in Sources */,
				ECF99E2F2AE41DDE00657FC2 /* GameScene.swift in Sources */,
				ECF99E292AE41DDE00657FC2 /* AppDelegate.swift in Sources */,
			);
			runOnlyForDeploymentPostprocessing = 0;
		};
		ECF99E3D2AE41FC800657FC2 /* Sources */ = {
			isa = PBXSourcesBuildPhase;
			buildActionMask = 2147483647;
			files = (
				ECF99E4C2AE41FC800657FC2 /* ViewController.swift in Sources */,
				ECF99E442AE41FC800657FC2 /* AppDelegate.swift in Sources */,
				ECF99E7C2AE4331500657FC2 /* GameScene.swift in Sources */,
			);
			runOnlyForDeploymentPostprocessing = 0;
		};
		ECF99E5A2AE4321B00657FC2 /* Sources */ = {
			isa = PBXSourcesBuildPhase;
			buildActionMask = 2147483647;
			files = (
				ECF99E772AE4329A00657FC2 /* GameScene.swift in Sources */,
				ECF99E692AE4321B00657FC2 /* ViewController.swift in Sources */,
				ECF99E612AE4321B00657FC2 /* AppDelegate.swift in Sources */,
				ECF99E782AE4329A00657FC2 /* GameOver.swift in Sources */,
			);
			runOnlyForDeploymentPostprocessing = 0;
		};
		ECF99E7D2AE4346500657FC2 /* Sources */ = {
			isa = PBXSourcesBuildPhase;
			buildActionMask = 2147483647;
			files = (
				ECF99E9A2AE434FA00657FC2 /* GameOver.swift in Sources */,
				ECF99E992AE434FA00657FC2 /* GameScene.swift in Sources */,
				ECF99E9B2AE434FA00657FC2 /* ViewController.swift in Sources */,
				ECF99E842AE4346500657FC2 /* AppDelegate.swift in Sources */,
			);
			runOnlyForDeploymentPostprocessing = 0;
		};
		ECF99E9C2AE4366300657FC2 /* Sources */ = {
			isa = PBXSourcesBuildPhase;
			buildActionMask = 2147483647;
			files = (
				ECF99EBF2AE436D600657FC2 /* BallNode.swift in Sources */,
				ECF99EBC2AE436D600657FC2 /* TileNode.swift in Sources */,
				ECF99EC42AE4370900657FC2 /* GameScene.swift in Sources */,
				ECF99EC52AE4370900657FC2 /* ViewController.swift in Sources */,
				ECF99EC32AE4370900657FC2 /* GameOver.swift in Sources */,
				ECF99EBE2AE436D600657FC2 /* TitleNode.swift in Sources */,
				ECF99EBD2AE436D600657FC2 /* PaddleNode.swift in Sources */,
				ECF99EA32AE4366300657FC2 /* AppDelegate.swift in Sources */,
				ECF99EBB2AE436D600657FC2 /* WallNode.swift in Sources */,
			);
			runOnlyForDeploymentPostprocessing = 0;
		};
		ECF99EC62AE4384400657FC2 /* Sources */ = {
			isa = PBXSourcesBuildPhase;
			buildActionMask = 2147483647;
			files = (
				ECF99EE62AE4393700657FC2 /* GameScene.swift in Sources */,
				ECF99EE82AE4393700657FC2 /* Track.swift in Sources */,
				ECF99EE52AE4393700657FC2 /* Car.swift in Sources */,
				ECF99ECD2AE4384400657FC2 /* AppDelegate.swift in Sources */,
				ECF99EEA2AE4393700657FC2 /* ViewController.swift in Sources */,
				ECF99EE92AE4393700657FC2 /* TitleNode.swift in Sources */,
				ECF99EE72AE4393700657FC2 /* GameOver.swift in Sources */,
			);
			runOnlyForDeploymentPostprocessing = 0;
		};
		ECF99EEB2AE44E4C00657FC2 /* Sources */ = {
			isa = PBXSourcesBuildPhase;
			buildActionMask = 2147483647;
			files = (
				ECF99EFA2AE44E4C00657FC2 /* ViewController.swift in Sources */,
				ECF99EF82AE44E4C00657FC2 /* GameScene.swift in Sources */,
				ECF99EF22AE44E4C00657FC2 /* AppDelegate.swift in Sources */,
			);
			runOnlyForDeploymentPostprocessing = 0;
		};
		ECF99F0A2AE4B0F700657FC2 /* Sources */ = {
			isa = PBXSourcesBuildPhase;
			buildActionMask = 2147483647;
			files = (
				ECF99F192AE4B0F700657FC2 /* ViewController.swift in Sources */,
				ECF99F242AE4B26400657FC2 /* MenuScene.swift in Sources */,
				ECF99F172AE4B0F700657FC2 /* GameScene.swift in Sources */,
				ECF99F112AE4B0F700657FC2 /* AppDelegate.swift in Sources */,
			);
			runOnlyForDeploymentPostprocessing = 0;
		};
/* End PBXSourcesBuildPhase section */

/* Begin PBXVariantGroup section */
		EC008AAD2AE644C100A5CEB3 /* Main.storyboard */ = {
			isa = PBXVariantGroup;
			children = (
				EC008AAE2AE644C100A5CEB3 /* Base */,
			);
			name = Main.storyboard;
			sourceTree = "<group>";
		};
		ECF99E342AE41DE000657FC2 /* Main.storyboard */ = {
			isa = PBXVariantGroup;
			children = (
				ECF99E352AE41DE000657FC2 /* Base */,
			);
			name = Main.storyboard;
			sourceTree = "<group>";
		};
		ECF99E4F2AE41FCA00657FC2 /* Main.storyboard */ = {
			isa = PBXVariantGroup;
			children = (
				ECF99E502AE41FCA00657FC2 /* Base */,
			);
			name = Main.storyboard;
			sourceTree = "<group>";
		};
		ECF99E6C2AE4321C00657FC2 /* Main.storyboard */ = {
			isa = PBXVariantGroup;
			children = (
				ECF99E6D2AE4321C00657FC2 /* Base */,
			);
			name = Main.storyboard;
			sourceTree = "<group>";
		};
		ECF99E8F2AE4346600657FC2 /* Main.storyboard */ = {
			isa = PBXVariantGroup;
			children = (
				ECF99E902AE4346600657FC2 /* Base */,
			);
			name = Main.storyboard;
			sourceTree = "<group>";
		};
		ECF99EAE2AE4366400657FC2 /* Main.storyboard */ = {
			isa = PBXVariantGroup;
			children = (
				ECF99EAF2AE4366400657FC2 /* Base */,
			);
			name = Main.storyboard;
			sourceTree = "<group>";
		};
		ECF99ED82AE4384500657FC2 /* Main.storyboard */ = {
			isa = PBXVariantGroup;
			children = (
				ECF99ED92AE4384500657FC2 /* Base */,
			);
			name = Main.storyboard;
			sourceTree = "<group>";
		};
		ECF99EFD2AE44E4D00657FC2 /* Main.storyboard */ = {
			isa = PBXVariantGroup;
			children = (
				ECF99EFE2AE44E4D00657FC2 /* Base */,
			);
			name = Main.storyboard;
			sourceTree = "<group>";
		};
		ECF99F1C2AE4B0F800657FC2 /* Main.storyboard */ = {
			isa = PBXVariantGroup;
			children = (
				ECF99F1D2AE4B0F800657FC2 /* Base */,
			);
			name = Main.storyboard;
			sourceTree = "<group>";
		};
/* End PBXVariantGroup section */

/* Begin XCBuildConfiguration section */
		EC008AB22AE644C100A5CEB3 /* Debug */ = {
			isa = XCBuildConfiguration;
			buildSettings = {
				ASSETCATALOG_COMPILER_APPICON_NAME = AppIcon;
				ASSETCATALOG_COMPILER_GLOBAL_ACCENT_COLOR_NAME = AccentColor;
				CODE_SIGN_ENTITLEMENTS = SwiftAdventure/SwiftAdventure.entitlements;
				CODE_SIGN_STYLE = Automatic;
				COMBINE_HIDPI_IMAGES = YES;
				CURRENT_PROJECT_VERSION = 1;
				DEVELOPMENT_TEAM = 3T52TG5K2X;
				ENABLE_HARDENED_RUNTIME = YES;
				GENERATE_INFOPLIST_FILE = YES;
				INFOPLIST_KEY_NSHumanReadableCopyright = "";
				INFOPLIST_KEY_NSMainStoryboardFile = Main;
				INFOPLIST_KEY_NSPrincipalClass = NSApplication;
				LD_RUNPATH_SEARCH_PATHS = (
					"$(inherited)",
					"@executable_path/../Frameworks",
				);
				MARKETING_VERSION = 1.0;
				PRODUCT_BUNDLE_IDENTIFIER = com.lunchtimedang.SwiftAdventure;
				PRODUCT_NAME = "$(TARGET_NAME)";
				SWIFT_EMIT_LOC_STRINGS = YES;
				SWIFT_VERSION = 5.0;
			};
			name = Debug;
		};
		EC008AB32AE644C100A5CEB3 /* Release */ = {
			isa = XCBuildConfiguration;
			buildSettings = {
				ASSETCATALOG_COMPILER_APPICON_NAME = AppIcon;
				ASSETCATALOG_COMPILER_GLOBAL_ACCENT_COLOR_NAME = AccentColor;
				CODE_SIGN_ENTITLEMENTS = SwiftAdventure/SwiftAdventure.entitlements;
				CODE_SIGN_STYLE = Automatic;
				COMBINE_HIDPI_IMAGES = YES;
				CURRENT_PROJECT_VERSION = 1;
				DEVELOPMENT_TEAM = 3T52TG5K2X;
				ENABLE_HARDENED_RUNTIME = YES;
				GENERATE_INFOPLIST_FILE = YES;
				INFOPLIST_KEY_NSHumanReadableCopyright = "";
				INFOPLIST_KEY_NSMainStoryboardFile = Main;
				INFOPLIST_KEY_NSPrincipalClass = NSApplication;
				LD_RUNPATH_SEARCH_PATHS = (
					"$(inherited)",
					"@executable_path/../Frameworks",
				);
				MARKETING_VERSION = 1.0;
				PRODUCT_BUNDLE_IDENTIFIER = com.lunchtimedang.SwiftAdventure;
				PRODUCT_NAME = "$(TARGET_NAME)";
				SWIFT_EMIT_LOC_STRINGS = YES;
				SWIFT_VERSION = 5.0;
			};
			name = Release;
		};
		ECF99E382AE41DE000657FC2 /* Debug */ = {
			isa = XCBuildConfiguration;
			buildSettings = {
				ALWAYS_SEARCH_USER_PATHS = NO;
				ASSETCATALOG_COMPILER_GENERATE_SWIFT_ASSET_SYMBOL_EXTENSIONS = YES;
				CLANG_ANALYZER_NONNULL = YES;
				CLANG_ANALYZER_NUMBER_OBJECT_CONVERSION = YES_AGGRESSIVE;
				CLANG_CXX_LANGUAGE_STANDARD = "gnu++20";
				CLANG_ENABLE_MODULES = YES;
				CLANG_ENABLE_OBJC_ARC = YES;
				CLANG_ENABLE_OBJC_WEAK = YES;
				CLANG_WARN_BLOCK_CAPTURE_AUTORELEASING = YES;
				CLANG_WARN_BOOL_CONVERSION = YES;
				CLANG_WARN_COMMA = YES;
				CLANG_WARN_CONSTANT_CONVERSION = YES;
				CLANG_WARN_DEPRECATED_OBJC_IMPLEMENTATIONS = YES;
				CLANG_WARN_DIRECT_OBJC_ISA_USAGE = YES_ERROR;
				CLANG_WARN_DOCUMENTATION_COMMENTS = YES;
				CLANG_WARN_EMPTY_BODY = YES;
				CLANG_WARN_ENUM_CONVERSION = YES;
				CLANG_WARN_INFINITE_RECURSION = YES;
				CLANG_WARN_INT_CONVERSION = YES;
				CLANG_WARN_NON_LITERAL_NULL_CONVERSION = YES;
				CLANG_WARN_OBJC_IMPLICIT_RETAIN_SELF = YES;
				CLANG_WARN_OBJC_LITERAL_CONVERSION = YES;
				CLANG_WARN_OBJC_ROOT_CLASS = YES_ERROR;
				CLANG_WARN_QUOTED_INCLUDE_IN_FRAMEWORK_HEADER = YES;
				CLANG_WARN_RANGE_LOOP_ANALYSIS = YES;
				CLANG_WARN_STRICT_PROTOTYPES = YES;
				CLANG_WARN_SUSPICIOUS_MOVE = YES;
				CLANG_WARN_UNGUARDED_AVAILABILITY = YES_AGGRESSIVE;
				CLANG_WARN_UNREACHABLE_CODE = YES;
				CLANG_WARN__DUPLICATE_METHOD_MATCH = YES;
				COPY_PHASE_STRIP = NO;
				DEBUG_INFORMATION_FORMAT = dwarf;
				ENABLE_STRICT_OBJC_MSGSEND = YES;
				ENABLE_TESTABILITY = YES;
				ENABLE_USER_SCRIPT_SANDBOXING = YES;
				GCC_C_LANGUAGE_STANDARD = gnu17;
				GCC_DYNAMIC_NO_PIC = NO;
				GCC_NO_COMMON_BLOCKS = YES;
				GCC_OPTIMIZATION_LEVEL = 0;
				GCC_PREPROCESSOR_DEFINITIONS = (
					"DEBUG=1",
					"$(inherited)",
				);
				GCC_WARN_64_TO_32_BIT_CONVERSION = YES;
				GCC_WARN_ABOUT_RETURN_TYPE = YES_ERROR;
				GCC_WARN_UNDECLARED_SELECTOR = YES;
				GCC_WARN_UNINITIALIZED_AUTOS = YES_AGGRESSIVE;
				GCC_WARN_UNUSED_FUNCTION = YES;
				GCC_WARN_UNUSED_VARIABLE = YES;
				LOCALIZATION_PREFERS_STRING_CATALOGS = YES;
				MACOSX_DEPLOYMENT_TARGET = 14.0;
				MTL_ENABLE_DEBUG_INFO = INCLUDE_SOURCE;
				MTL_FAST_MATH = YES;
				ONLY_ACTIVE_ARCH = YES;
				SDKROOT = macosx;
				SWIFT_ACTIVE_COMPILATION_CONDITIONS = "DEBUG $(inherited)";
				SWIFT_OPTIMIZATION_LEVEL = "-Onone";
			};
			name = Debug;
		};
		ECF99E392AE41DE000657FC2 /* Release */ = {
			isa = XCBuildConfiguration;
			buildSettings = {
				ALWAYS_SEARCH_USER_PATHS = NO;
				ASSETCATALOG_COMPILER_GENERATE_SWIFT_ASSET_SYMBOL_EXTENSIONS = YES;
				CLANG_ANALYZER_NONNULL = YES;
				CLANG_ANALYZER_NUMBER_OBJECT_CONVERSION = YES_AGGRESSIVE;
				CLANG_CXX_LANGUAGE_STANDARD = "gnu++20";
				CLANG_ENABLE_MODULES = YES;
				CLANG_ENABLE_OBJC_ARC = YES;
				CLANG_ENABLE_OBJC_WEAK = YES;
				CLANG_WARN_BLOCK_CAPTURE_AUTORELEASING = YES;
				CLANG_WARN_BOOL_CONVERSION = YES;
				CLANG_WARN_COMMA = YES;
				CLANG_WARN_CONSTANT_CONVERSION = YES;
				CLANG_WARN_DEPRECATED_OBJC_IMPLEMENTATIONS = YES;
				CLANG_WARN_DIRECT_OBJC_ISA_USAGE = YES_ERROR;
				CLANG_WARN_DOCUMENTATION_COMMENTS = YES;
				CLANG_WARN_EMPTY_BODY = YES;
				CLANG_WARN_ENUM_CONVERSION = YES;
				CLANG_WARN_INFINITE_RECURSION = YES;
				CLANG_WARN_INT_CONVERSION = YES;
				CLANG_WARN_NON_LITERAL_NULL_CONVERSION = YES;
				CLANG_WARN_OBJC_IMPLICIT_RETAIN_SELF = YES;
				CLANG_WARN_OBJC_LITERAL_CONVERSION = YES;
				CLANG_WARN_OBJC_ROOT_CLASS = YES_ERROR;
				CLANG_WARN_QUOTED_INCLUDE_IN_FRAMEWORK_HEADER = YES;
				CLANG_WARN_RANGE_LOOP_ANALYSIS = YES;
				CLANG_WARN_STRICT_PROTOTYPES = YES;
				CLANG_WARN_SUSPICIOUS_MOVE = YES;
				CLANG_WARN_UNGUARDED_AVAILABILITY = YES_AGGRESSIVE;
				CLANG_WARN_UNREACHABLE_CODE = YES;
				CLANG_WARN__DUPLICATE_METHOD_MATCH = YES;
				COPY_PHASE_STRIP = NO;
				DEBUG_INFORMATION_FORMAT = "dwarf-with-dsym";
				ENABLE_NS_ASSERTIONS = NO;
				ENABLE_STRICT_OBJC_MSGSEND = YES;
				ENABLE_USER_SCRIPT_SANDBOXING = YES;
				GCC_C_LANGUAGE_STANDARD = gnu17;
				GCC_NO_COMMON_BLOCKS = YES;
				GCC_WARN_64_TO_32_BIT_CONVERSION = YES;
				GCC_WARN_ABOUT_RETURN_TYPE = YES_ERROR;
				GCC_WARN_UNDECLARED_SELECTOR = YES;
				GCC_WARN_UNINITIALIZED_AUTOS = YES_AGGRESSIVE;
				GCC_WARN_UNUSED_FUNCTION = YES;
				GCC_WARN_UNUSED_VARIABLE = YES;
				LOCALIZATION_PREFERS_STRING_CATALOGS = YES;
				MACOSX_DEPLOYMENT_TARGET = 14.0;
				MTL_ENABLE_DEBUG_INFO = NO;
				MTL_FAST_MATH = YES;
				SDKROOT = macosx;
				SWIFT_COMPILATION_MODE = wholemodule;
			};
			name = Release;
		};
		ECF99E3B2AE41DE000657FC2 /* Debug */ = {
			isa = XCBuildConfiguration;
			buildSettings = {
				ASSETCATALOG_COMPILER_APPICON_NAME = AppIcon;
				ASSETCATALOG_COMPILER_GLOBAL_ACCENT_COLOR_NAME = AccentColor;
				CODE_SIGN_ENTITLEMENTS = SwiftGames/SwiftGames.entitlements;
				CODE_SIGN_STYLE = Automatic;
				COMBINE_HIDPI_IMAGES = YES;
				CURRENT_PROJECT_VERSION = 1;
				DEVELOPMENT_TEAM = 3T52TG5K2X;
				ENABLE_HARDENED_RUNTIME = YES;
				GENERATE_INFOPLIST_FILE = YES;
				INFOPLIST_KEY_NSHumanReadableCopyright = "";
				INFOPLIST_KEY_NSMainStoryboardFile = Main;
				INFOPLIST_KEY_NSPrincipalClass = NSApplication;
				LD_RUNPATH_SEARCH_PATHS = (
					"$(inherited)",
					"@executable_path/../Frameworks",
				);
				MARKETING_VERSION = 1.0;
				PRODUCT_BUNDLE_IDENTIFIER = com.lunchtimedang.SwiftGames;
				PRODUCT_NAME = "$(TARGET_NAME)";
				SWIFT_EMIT_LOC_STRINGS = YES;
				SWIFT_VERSION = 5.0;
			};
			name = Debug;
		};
		ECF99E3C2AE41DE000657FC2 /* Release */ = {
			isa = XCBuildConfiguration;
			buildSettings = {
				ASSETCATALOG_COMPILER_APPICON_NAME = AppIcon;
				ASSETCATALOG_COMPILER_GLOBAL_ACCENT_COLOR_NAME = AccentColor;
				CODE_SIGN_ENTITLEMENTS = SwiftGames/SwiftGames.entitlements;
				CODE_SIGN_STYLE = Automatic;
				COMBINE_HIDPI_IMAGES = YES;
				CURRENT_PROJECT_VERSION = 1;
				DEVELOPMENT_TEAM = 3T52TG5K2X;
				ENABLE_HARDENED_RUNTIME = YES;
				GENERATE_INFOPLIST_FILE = YES;
				INFOPLIST_KEY_NSHumanReadableCopyright = "";
				INFOPLIST_KEY_NSMainStoryboardFile = Main;
				INFOPLIST_KEY_NSPrincipalClass = NSApplication;
				LD_RUNPATH_SEARCH_PATHS = (
					"$(inherited)",
					"@executable_path/../Frameworks",
				);
				MARKETING_VERSION = 1.0;
				PRODUCT_BUNDLE_IDENTIFIER = com.lunchtimedang.SwiftGames;
				PRODUCT_NAME = "$(TARGET_NAME)";
				SWIFT_EMIT_LOC_STRINGS = YES;
				SWIFT_VERSION = 5.0;
			};
			name = Release;
		};
		ECF99E542AE41FCA00657FC2 /* Debug */ = {
			isa = XCBuildConfiguration;
			buildSettings = {
				ASSETCATALOG_COMPILER_APPICON_NAME = AppIcon;
				ASSETCATALOG_COMPILER_GLOBAL_ACCENT_COLOR_NAME = AccentColor;
				CODE_SIGN_ENTITLEMENTS = SwiftLabelPlaying/SwiftLabelPlaying.entitlements;
				CODE_SIGN_STYLE = Automatic;
				COMBINE_HIDPI_IMAGES = YES;
				CURRENT_PROJECT_VERSION = 1;
				DEVELOPMENT_TEAM = 3T52TG5K2X;
				ENABLE_HARDENED_RUNTIME = YES;
				GENERATE_INFOPLIST_FILE = YES;
				INFOPLIST_KEY_NSHumanReadableCopyright = "";
				INFOPLIST_KEY_NSMainStoryboardFile = Main;
				INFOPLIST_KEY_NSPrincipalClass = NSApplication;
				LD_RUNPATH_SEARCH_PATHS = (
					"$(inherited)",
					"@executable_path/../Frameworks",
				);
				MARKETING_VERSION = 1.0;
				PRODUCT_BUNDLE_IDENTIFIER = com.lunchtimedang.SwiftLabelPlaying;
				PRODUCT_NAME = "$(TARGET_NAME)";
				SWIFT_EMIT_LOC_STRINGS = YES;
				SWIFT_VERSION = 5.0;
			};
			name = Debug;
		};
		ECF99E552AE41FCA00657FC2 /* Release */ = {
			isa = XCBuildConfiguration;
			buildSettings = {
				ASSETCATALOG_COMPILER_APPICON_NAME = AppIcon;
				ASSETCATALOG_COMPILER_GLOBAL_ACCENT_COLOR_NAME = AccentColor;
				CODE_SIGN_ENTITLEMENTS = SwiftLabelPlaying/SwiftLabelPlaying.entitlements;
				CODE_SIGN_STYLE = Automatic;
				COMBINE_HIDPI_IMAGES = YES;
				CURRENT_PROJECT_VERSION = 1;
				DEVELOPMENT_TEAM = 3T52TG5K2X;
				ENABLE_HARDENED_RUNTIME = YES;
				GENERATE_INFOPLIST_FILE = YES;
				INFOPLIST_KEY_NSHumanReadableCopyright = "";
				INFOPLIST_KEY_NSMainStoryboardFile = Main;
				INFOPLIST_KEY_NSPrincipalClass = NSApplication;
				LD_RUNPATH_SEARCH_PATHS = (
					"$(inherited)",
					"@executable_path/../Frameworks",
				);
				MARKETING_VERSION = 1.0;
				PRODUCT_BUNDLE_IDENTIFIER = com.lunchtimedang.SwiftLabelPlaying;
				PRODUCT_NAME = "$(TARGET_NAME)";
				SWIFT_EMIT_LOC_STRINGS = YES;
				SWIFT_VERSION = 5.0;
			};
			name = Release;
		};
		ECF99E712AE4321C00657FC2 /* Debug */ = {
			isa = XCBuildConfiguration;
			buildSettings = {
				ASSETCATALOG_COMPILER_APPICON_NAME = AppIcon;
				ASSETCATALOG_COMPILER_GLOBAL_ACCENT_COLOR_NAME = AccentColor;
				CODE_SIGN_ENTITLEMENTS = CoinCollector/CoinCollector.entitlements;
				CODE_SIGN_STYLE = Automatic;
				COMBINE_HIDPI_IMAGES = YES;
				CURRENT_PROJECT_VERSION = 1;
				DEVELOPMENT_TEAM = 3T52TG5K2X;
				ENABLE_HARDENED_RUNTIME = YES;
				GENERATE_INFOPLIST_FILE = YES;
				INFOPLIST_KEY_NSHumanReadableCopyright = "";
				INFOPLIST_KEY_NSMainStoryboardFile = Main;
				INFOPLIST_KEY_NSPrincipalClass = NSApplication;
				LD_RUNPATH_SEARCH_PATHS = (
					"$(inherited)",
					"@executable_path/../Frameworks",
				);
				MARKETING_VERSION = 1.0;
				PRODUCT_BUNDLE_IDENTIFIER = com.lunchtimedang.CoinCollector;
				PRODUCT_NAME = "$(TARGET_NAME)";
				SWIFT_EMIT_LOC_STRINGS = YES;
				SWIFT_VERSION = 5.0;
			};
			name = Debug;
		};
		ECF99E722AE4321C00657FC2 /* Release */ = {
			isa = XCBuildConfiguration;
			buildSettings = {
				ASSETCATALOG_COMPILER_APPICON_NAME = AppIcon;
				ASSETCATALOG_COMPILER_GLOBAL_ACCENT_COLOR_NAME = AccentColor;
				CODE_SIGN_ENTITLEMENTS = CoinCollector/CoinCollector.entitlements;
				CODE_SIGN_STYLE = Automatic;
				COMBINE_HIDPI_IMAGES = YES;
				CURRENT_PROJECT_VERSION = 1;
				DEVELOPMENT_TEAM = 3T52TG5K2X;
				ENABLE_HARDENED_RUNTIME = YES;
				GENERATE_INFOPLIST_FILE = YES;
				INFOPLIST_KEY_NSHumanReadableCopyright = "";
				INFOPLIST_KEY_NSMainStoryboardFile = Main;
				INFOPLIST_KEY_NSPrincipalClass = NSApplication;
				LD_RUNPATH_SEARCH_PATHS = (
					"$(inherited)",
					"@executable_path/../Frameworks",
				);
				MARKETING_VERSION = 1.0;
				PRODUCT_BUNDLE_IDENTIFIER = com.lunchtimedang.CoinCollector;
				PRODUCT_NAME = "$(TARGET_NAME)";
				SWIFT_EMIT_LOC_STRINGS = YES;
				SWIFT_VERSION = 5.0;
			};
			name = Release;
		};
		ECF99E942AE4346600657FC2 /* Debug */ = {
			isa = XCBuildConfiguration;
			buildSettings = {
				ASSETCATALOG_COMPILER_APPICON_NAME = AppIcon;
				ASSETCATALOG_COMPILER_GLOBAL_ACCENT_COLOR_NAME = AccentColor;
				CODE_SIGN_ENTITLEMENTS = SwiftTennis/SwiftTennis.entitlements;
				CODE_SIGN_STYLE = Automatic;
				COMBINE_HIDPI_IMAGES = YES;
				CURRENT_PROJECT_VERSION = 1;
				DEVELOPMENT_TEAM = 3T52TG5K2X;
				ENABLE_HARDENED_RUNTIME = YES;
				GENERATE_INFOPLIST_FILE = YES;
				INFOPLIST_KEY_NSHumanReadableCopyright = "";
				INFOPLIST_KEY_NSMainStoryboardFile = Main;
				INFOPLIST_KEY_NSPrincipalClass = NSApplication;
				LD_RUNPATH_SEARCH_PATHS = (
					"$(inherited)",
					"@executable_path/../Frameworks",
				);
				MARKETING_VERSION = 1.0;
				PRODUCT_BUNDLE_IDENTIFIER = com.lunchtimedang.SwiftTennis;
				PRODUCT_NAME = "$(TARGET_NAME)";
				SWIFT_EMIT_LOC_STRINGS = YES;
				SWIFT_VERSION = 5.0;
			};
			name = Debug;
		};
		ECF99E952AE4346600657FC2 /* Release */ = {
			isa = XCBuildConfiguration;
			buildSettings = {
				ASSETCATALOG_COMPILER_APPICON_NAME = AppIcon;
				ASSETCATALOG_COMPILER_GLOBAL_ACCENT_COLOR_NAME = AccentColor;
				CODE_SIGN_ENTITLEMENTS = SwiftTennis/SwiftTennis.entitlements;
				CODE_SIGN_STYLE = Automatic;
				COMBINE_HIDPI_IMAGES = YES;
				CURRENT_PROJECT_VERSION = 1;
				DEVELOPMENT_TEAM = 3T52TG5K2X;
				ENABLE_HARDENED_RUNTIME = YES;
				GENERATE_INFOPLIST_FILE = YES;
				INFOPLIST_KEY_NSHumanReadableCopyright = "";
				INFOPLIST_KEY_NSMainStoryboardFile = Main;
				INFOPLIST_KEY_NSPrincipalClass = NSApplication;
				LD_RUNPATH_SEARCH_PATHS = (
					"$(inherited)",
					"@executable_path/../Frameworks",
				);
				MARKETING_VERSION = 1.0;
				PRODUCT_BUNDLE_IDENTIFIER = com.lunchtimedang.SwiftTennis;
				PRODUCT_NAME = "$(TARGET_NAME)";
				SWIFT_EMIT_LOC_STRINGS = YES;
				SWIFT_VERSION = 5.0;
			};
			name = Release;
		};
		ECF99EB32AE4366400657FC2 /* Debug */ = {
			isa = XCBuildConfiguration;
			buildSettings = {
				ASSETCATALOG_COMPILER_APPICON_NAME = AppIcon;
				ASSETCATALOG_COMPILER_GLOBAL_ACCENT_COLOR_NAME = AccentColor;
				CODE_SIGN_ENTITLEMENTS = SwiftBreakout/SwiftBreakout.entitlements;
				CODE_SIGN_STYLE = Automatic;
				COMBINE_HIDPI_IMAGES = YES;
				CURRENT_PROJECT_VERSION = 1;
				DEVELOPMENT_TEAM = 3T52TG5K2X;
				ENABLE_HARDENED_RUNTIME = YES;
				GENERATE_INFOPLIST_FILE = YES;
				INFOPLIST_KEY_NSHumanReadableCopyright = "";
				INFOPLIST_KEY_NSMainStoryboardFile = Main;
				INFOPLIST_KEY_NSPrincipalClass = NSApplication;
				LD_RUNPATH_SEARCH_PATHS = (
					"$(inherited)",
					"@executable_path/../Frameworks",
				);
				MARKETING_VERSION = 1.0;
				PRODUCT_BUNDLE_IDENTIFIER = com.lunchtimedang.SwiftBreakout;
				PRODUCT_NAME = "$(TARGET_NAME)";
				SWIFT_EMIT_LOC_STRINGS = YES;
				SWIFT_VERSION = 5.0;
			};
			name = Debug;
		};
		ECF99EB42AE4366400657FC2 /* Release */ = {
			isa = XCBuildConfiguration;
			buildSettings = {
				ASSETCATALOG_COMPILER_APPICON_NAME = AppIcon;
				ASSETCATALOG_COMPILER_GLOBAL_ACCENT_COLOR_NAME = AccentColor;
				CODE_SIGN_ENTITLEMENTS = SwiftBreakout/SwiftBreakout.entitlements;
				CODE_SIGN_STYLE = Automatic;
				COMBINE_HIDPI_IMAGES = YES;
				CURRENT_PROJECT_VERSION = 1;
				DEVELOPMENT_TEAM = 3T52TG5K2X;
				ENABLE_HARDENED_RUNTIME = YES;
				GENERATE_INFOPLIST_FILE = YES;
				INFOPLIST_KEY_NSHumanReadableCopyright = "";
				INFOPLIST_KEY_NSMainStoryboardFile = Main;
				INFOPLIST_KEY_NSPrincipalClass = NSApplication;
				LD_RUNPATH_SEARCH_PATHS = (
					"$(inherited)",
					"@executable_path/../Frameworks",
				);
				MARKETING_VERSION = 1.0;
				PRODUCT_BUNDLE_IDENTIFIER = com.lunchtimedang.SwiftBreakout;
				PRODUCT_NAME = "$(TARGET_NAME)";
				SWIFT_EMIT_LOC_STRINGS = YES;
				SWIFT_VERSION = 5.0;
			};
			name = Release;
		};
		ECF99EDD2AE4384500657FC2 /* Debug */ = {
			isa = XCBuildConfiguration;
			buildSettings = {
				ASSETCATALOG_COMPILER_APPICON_NAME = AppIcon;
				ASSETCATALOG_COMPILER_GLOBAL_ACCENT_COLOR_NAME = AccentColor;
				CODE_SIGN_ENTITLEMENTS = SwiftRacer/SwiftRacer.entitlements;
				CODE_SIGN_STYLE = Automatic;
				COMBINE_HIDPI_IMAGES = YES;
				CURRENT_PROJECT_VERSION = 1;
				DEVELOPMENT_TEAM = 3T52TG5K2X;
				ENABLE_HARDENED_RUNTIME = YES;
				GENERATE_INFOPLIST_FILE = YES;
				INFOPLIST_KEY_NSHumanReadableCopyright = "";
				INFOPLIST_KEY_NSMainStoryboardFile = Main;
				INFOPLIST_KEY_NSPrincipalClass = NSApplication;
				LD_RUNPATH_SEARCH_PATHS = (
					"$(inherited)",
					"@executable_path/../Frameworks",
				);
				MARKETING_VERSION = 1.0;
				PRODUCT_BUNDLE_IDENTIFIER = com.lunchtimedang.SwiftRacer;
				PRODUCT_NAME = "$(TARGET_NAME)";
				SWIFT_EMIT_LOC_STRINGS = YES;
				SWIFT_VERSION = 5.0;
			};
			name = Debug;
		};
		ECF99EDE2AE4384500657FC2 /* Release */ = {
			isa = XCBuildConfiguration;
			buildSettings = {
				ASSETCATALOG_COMPILER_APPICON_NAME = AppIcon;
				ASSETCATALOG_COMPILER_GLOBAL_ACCENT_COLOR_NAME = AccentColor;
				CODE_SIGN_ENTITLEMENTS = SwiftRacer/SwiftRacer.entitlements;
				CODE_SIGN_STYLE = Automatic;
				COMBINE_HIDPI_IMAGES = YES;
				CURRENT_PROJECT_VERSION = 1;
				DEVELOPMENT_TEAM = 3T52TG5K2X;
				ENABLE_HARDENED_RUNTIME = YES;
				GENERATE_INFOPLIST_FILE = YES;
				INFOPLIST_KEY_NSHumanReadableCopyright = "";
				INFOPLIST_KEY_NSMainStoryboardFile = Main;
				INFOPLIST_KEY_NSPrincipalClass = NSApplication;
				LD_RUNPATH_SEARCH_PATHS = (
					"$(inherited)",
					"@executable_path/../Frameworks",
				);
				MARKETING_VERSION = 1.0;
				PRODUCT_BUNDLE_IDENTIFIER = com.lunchtimedang.SwiftRacer;
				PRODUCT_NAME = "$(TARGET_NAME)";
				SWIFT_EMIT_LOC_STRINGS = YES;
				SWIFT_VERSION = 5.0;
			};
			name = Release;
		};
		ECF99F022AE44E4D00657FC2 /* Debug */ = {
			isa = XCBuildConfiguration;
			buildSettings = {
				ASSETCATALOG_COMPILER_APPICON_NAME = AppIcon;
				ASSETCATALOG_COMPILER_GLOBAL_ACCENT_COLOR_NAME = AccentColor;
				CODE_SIGN_ENTITLEMENTS = SwiftNoiseMap/SwiftAdventure.entitlements;
				CODE_SIGN_STYLE = Automatic;
				COMBINE_HIDPI_IMAGES = YES;
				CURRENT_PROJECT_VERSION = 1;
				DEVELOPMENT_TEAM = 3T52TG5K2X;
				ENABLE_HARDENED_RUNTIME = YES;
				GENERATE_INFOPLIST_FILE = YES;
				INFOPLIST_KEY_NSHumanReadableCopyright = "";
				INFOPLIST_KEY_NSMainStoryboardFile = Main;
				INFOPLIST_KEY_NSPrincipalClass = NSApplication;
				LD_RUNPATH_SEARCH_PATHS = (
					"$(inherited)",
					"@executable_path/../Frameworks",
				);
				MARKETING_VERSION = 1.0;
				PRODUCT_BUNDLE_IDENTIFIER = com.lunchtimedang.SwiftAdventure;
				PRODUCT_NAME = "$(TARGET_NAME)";
				SWIFT_EMIT_LOC_STRINGS = YES;
				SWIFT_VERSION = 5.0;
			};
			name = Debug;
		};
		ECF99F032AE44E4D00657FC2 /* Release */ = {
			isa = XCBuildConfiguration;
			buildSettings = {
				ASSETCATALOG_COMPILER_APPICON_NAME = AppIcon;
				ASSETCATALOG_COMPILER_GLOBAL_ACCENT_COLOR_NAME = AccentColor;
				CODE_SIGN_ENTITLEMENTS = SwiftNoiseMap/SwiftAdventure.entitlements;
				CODE_SIGN_STYLE = Automatic;
				COMBINE_HIDPI_IMAGES = YES;
				CURRENT_PROJECT_VERSION = 1;
				DEVELOPMENT_TEAM = 3T52TG5K2X;
				ENABLE_HARDENED_RUNTIME = YES;
				GENERATE_INFOPLIST_FILE = YES;
				INFOPLIST_KEY_NSHumanReadableCopyright = "";
				INFOPLIST_KEY_NSMainStoryboardFile = Main;
				INFOPLIST_KEY_NSPrincipalClass = NSApplication;
				LD_RUNPATH_SEARCH_PATHS = (
					"$(inherited)",
					"@executable_path/../Frameworks",
				);
				MARKETING_VERSION = 1.0;
				PRODUCT_BUNDLE_IDENTIFIER = com.lunchtimedang.SwiftAdventure;
				PRODUCT_NAME = "$(TARGET_NAME)";
				SWIFT_EMIT_LOC_STRINGS = YES;
				SWIFT_VERSION = 5.0;
			};
			name = Release;
		};
		ECF99F212AE4B0F800657FC2 /* Debug */ = {
			isa = XCBuildConfiguration;
			buildSettings = {
				ASSETCATALOG_COMPILER_APPICON_NAME = AppIcon;
				ASSETCATALOG_COMPILER_GLOBAL_ACCENT_COLOR_NAME = AccentColor;
				CODE_SIGN_ENTITLEMENTS = FearTheDead/FearTheDead.entitlements;
				CODE_SIGN_STYLE = Automatic;
				COMBINE_HIDPI_IMAGES = YES;
				CURRENT_PROJECT_VERSION = 1;
				DEVELOPMENT_TEAM = 3T52TG5K2X;
				ENABLE_HARDENED_RUNTIME = YES;
				GENERATE_INFOPLIST_FILE = YES;
				INFOPLIST_KEY_NSHumanReadableCopyright = "";
				INFOPLIST_KEY_NSMainStoryboardFile = Main;
				INFOPLIST_KEY_NSPrincipalClass = NSApplication;
				LD_RUNPATH_SEARCH_PATHS = (
					"$(inherited)",
					"@executable_path/../Frameworks",
				);
				MARKETING_VERSION = 1.0;
				PRODUCT_BUNDLE_IDENTIFIER = com.lunchtimedang.FearTheDead;
				PRODUCT_NAME = "$(TARGET_NAME)";
				SWIFT_EMIT_LOC_STRINGS = YES;
				SWIFT_VERSION = 5.0;
			};
			name = Debug;
		};
		ECF99F222AE4B0F800657FC2 /* Release */ = {
			isa = XCBuildConfiguration;
			buildSettings = {
				ASSETCATALOG_COMPILER_APPICON_NAME = AppIcon;
				ASSETCATALOG_COMPILER_GLOBAL_ACCENT_COLOR_NAME = AccentColor;
				CODE_SIGN_ENTITLEMENTS = FearTheDead/FearTheDead.entitlements;
				CODE_SIGN_STYLE = Automatic;
				COMBINE_HIDPI_IMAGES = YES;
				CURRENT_PROJECT_VERSION = 1;
				DEVELOPMENT_TEAM = 3T52TG5K2X;
				ENABLE_HARDENED_RUNTIME = YES;
				GENERATE_INFOPLIST_FILE = YES;
				INFOPLIST_KEY_NSHumanReadableCopyright = "";
				INFOPLIST_KEY_NSMainStoryboardFile = Main;
				INFOPLIST_KEY_NSPrincipalClass = NSApplication;
				LD_RUNPATH_SEARCH_PATHS = (
					"$(inherited)",
					"@executable_path/../Frameworks",
				);
				MARKETING_VERSION = 1.0;
				PRODUCT_BUNDLE_IDENTIFIER = com.lunchtimedang.FearTheDead;
				PRODUCT_NAME = "$(TARGET_NAME)";
				SWIFT_EMIT_LOC_STRINGS = YES;
				SWIFT_VERSION = 5.0;
			};
			name = Release;
		};
/* End XCBuildConfiguration section */

/* Begin XCConfigurationList section */
		EC008AB12AE644C100A5CEB3 /* Build configuration list for PBXNativeTarget "SwiftAdventure" */ = {
			isa = XCConfigurationList;
			buildConfigurations = (
				EC008AB22AE644C100A5CEB3 /* Debug */,
				EC008AB32AE644C100A5CEB3 /* Release */,
			);
			defaultConfigurationIsVisible = 0;
			defaultConfigurationName = Release;
		};
		ECF99E202AE41DDE00657FC2 /* Build configuration list for PBXProject "SwiftGames" */ = {
			isa = XCConfigurationList;
			buildConfigurations = (
				ECF99E382AE41DE000657FC2 /* Debug */,
				ECF99E392AE41DE000657FC2 /* Release */,
			);
			defaultConfigurationIsVisible = 0;
			defaultConfigurationName = Release;
		};
		ECF99E3A2AE41DE000657FC2 /* Build configuration list for PBXNativeTarget "SwiftGames" */ = {
			isa = XCConfigurationList;
			buildConfigurations = (
				ECF99E3B2AE41DE000657FC2 /* Debug */,
				ECF99E3C2AE41DE000657FC2 /* Release */,
			);
			defaultConfigurationIsVisible = 0;
			defaultConfigurationName = Release;
		};
		ECF99E532AE41FCA00657FC2 /* Build configuration list for PBXNativeTarget "SwiftLabelPlaying" */ = {
			isa = XCConfigurationList;
			buildConfigurations = (
				ECF99E542AE41FCA00657FC2 /* Debug */,
				ECF99E552AE41FCA00657FC2 /* Release */,
			);
			defaultConfigurationIsVisible = 0;
			defaultConfigurationName = Release;
		};
		ECF99E702AE4321C00657FC2 /* Build configuration list for PBXNativeTarget "CoinCollector" */ = {
			isa = XCConfigurationList;
			buildConfigurations = (
				ECF99E712AE4321C00657FC2 /* Debug */,
				ECF99E722AE4321C00657FC2 /* Release */,
			);
			defaultConfigurationIsVisible = 0;
			defaultConfigurationName = Release;
		};
		ECF99E932AE4346600657FC2 /* Build configuration list for PBXNativeTarget "SwiftTennis" */ = {
			isa = XCConfigurationList;
			buildConfigurations = (
				ECF99E942AE4346600657FC2 /* Debug */,
				ECF99E952AE4346600657FC2 /* Release */,
			);
			defaultConfigurationIsVisible = 0;
			defaultConfigurationName = Release;
		};
		ECF99EB22AE4366400657FC2 /* Build configuration list for PBXNativeTarget "SwiftBreakout" */ = {
			isa = XCConfigurationList;
			buildConfigurations = (
				ECF99EB32AE4366400657FC2 /* Debug */,
				ECF99EB42AE4366400657FC2 /* Release */,
			);
			defaultConfigurationIsVisible = 0;
			defaultConfigurationName = Release;
		};
		ECF99EDC2AE4384500657FC2 /* Build configuration list for PBXNativeTarget "SwiftRacer" */ = {
			isa = XCConfigurationList;
			buildConfigurations = (
				ECF99EDD2AE4384500657FC2 /* Debug */,
				ECF99EDE2AE4384500657FC2 /* Release */,
			);
			defaultConfigurationIsVisible = 0;
			defaultConfigurationName = Release;
		};
		ECF99F012AE44E4D00657FC2 /* Build configuration list for PBXNativeTarget "SwiftNoiseMap" */ = {
			isa = XCConfigurationList;
			buildConfigurations = (
				ECF99F022AE44E4D00657FC2 /* Debug */,
				ECF99F032AE44E4D00657FC2 /* Release */,
			);
			defaultConfigurationIsVisible = 0;
			defaultConfigurationName = Release;
		};
		ECF99F202AE4B0F800657FC2 /* Build configuration list for PBXNativeTarget "FearTheDead" */ = {
			isa = XCConfigurationList;
			buildConfigurations = (
				ECF99F212AE4B0F800657FC2 /* Debug */,
				ECF99F222AE4B0F800657FC2 /* Release */,
			);
			defaultConfigurationIsVisible = 0;
			defaultConfigurationName = Release;
		};
/* End XCConfigurationList section */
	};
	rootObject = ECF99E1D2AE41DDE00657FC2 /* Project object */;
}
